// !$*UTF8*$!
{
	archiveVersion = 1;
	classes = {
	};
	objectVersion = 46;
	objects = {

/* Begin PBXBuildFile section */
		0111CC271BAAED0D00C19022 /* PXDeepModalViewController.m in Sources */ = {isa = PBXBuildFile; fileRef = 0111CC261BAAED0D00C19022 /* PXDeepModalViewController.m */; };
		012497921BA99994007CD98B /* PXPresentModal.m in Sources */ = {isa = PBXBuildFile; fileRef = 012497911BA99994007CD98B /* PXPresentModal.m */; };
		012497951BA9C686007CD98B /* PXPresentAnotherModal.m in Sources */ = {isa = PBXBuildFile; fileRef = 012497941BA9C686007CD98B /* PXPresentAnotherModal.m */; };
		013F68BD1BA62CA300B5797B /* main.m in Sources */ = {isa = PBXBuildFile; fileRef = 013F68BC1BA62CA300B5797B /* main.m */; };
		013F68C01BA62CA300B5797B /* AppDelegate.m in Sources */ = {isa = PBXBuildFile; fileRef = 013F68BF1BA62CA300B5797B /* AppDelegate.m */; };
		013F68C31BA62CA300B5797B /* ViewController.m in Sources */ = {isa = PBXBuildFile; fileRef = 013F68C21BA62CA300B5797B /* ViewController.m */; };
		013F68C81BA62CA300B5797B /* Assets.xcassets in Resources */ = {isa = PBXBuildFile; fileRef = 013F68C71BA62CA300B5797B /* Assets.xcassets */; };
		013F68D61BA62CA300B5797B /* RouterDemoTests.m in Sources */ = {isa = PBXBuildFile; fileRef = 013F68D51BA62CA300B5797B /* RouterDemoTests.m */; };
		013F68E11BA62CA300B5797B /* RouterDemoUITests.m in Sources */ = {isa = PBXBuildFile; fileRef = 013F68E01BA62CA300B5797B /* RouterDemoUITests.m */; };
		013F68FE1BA62D0000B5797B /* libRouter.a in Frameworks */ = {isa = PBXBuildFile; fileRef = 013F68FD1BA62D0000B5797B /* libRouter.a */; };
		01A01A611BA8324700608274 /* LaunchScreen.xib in Resources */ = {isa = PBXBuildFile; fileRef = 01A01A601BA8324700608274 /* LaunchScreen.xib */; };
		01A01A871BA8777100608274 /* PXColorViewControllers.m in Sources */ = {isa = PBXBuildFile; fileRef = 01A01A861BA8777100608274 /* PXColorViewControllers.m */; };
		01A01A8B1BA8782700608274 /* PXPresentRed.m in Sources */ = {isa = PBXBuildFile; fileRef = 01A01A8A1BA8782700608274 /* PXPresentRed.m */; };
		01A01A8E1BA8783600608274 /* PXPresentGreen.m in Sources */ = {isa = PBXBuildFile; fileRef = 01A01A8D1BA8783600608274 /* PXPresentGreen.m */; };
		01A01A911BA8783E00608274 /* PXPresentBlue.m in Sources */ = {isa = PBXBuildFile; fileRef = 01A01A901BA8783E00608274 /* PXPresentBlue.m */; };
		01A01A941BA8786F00608274 /* RTRRouter+Shared.m in Sources */ = {isa = PBXBuildFile; fileRef = 01A01A931BA8786F00608274 /* RTRRouter+Shared.m */; };
		01A01AB41BA9887D00608274 /* PXModalViewController.m in Sources */ = {isa = PBXBuildFile; fileRef = 01A01AB31BA9887D00608274 /* PXModalViewController.m */; };
/* End PBXBuildFile section */

/* Begin PBXContainerItemProxy section */
		013F68D21BA62CA300B5797B /* PBXContainerItemProxy */ = {
			isa = PBXContainerItemProxy;
			containerPortal = 013F68B01BA62CA300B5797B /* Project object */;
			proxyType = 1;
			remoteGlobalIDString = 013F68B71BA62CA300B5797B;
			remoteInfo = RouterDemo;
		};
		013F68DD1BA62CA300B5797B /* PBXContainerItemProxy */ = {
			isa = PBXContainerItemProxy;
			containerPortal = 013F68B01BA62CA300B5797B /* Project object */;
			proxyType = 1;
			remoteGlobalIDString = 013F68B71BA62CA300B5797B;
			remoteInfo = RouterDemo;
		};
/* End PBXContainerItemProxy section */

/* Begin PBXFileReference section */
		0111CC251BAAED0D00C19022 /* PXDeepModalViewController.h */ = {isa = PBXFileReference; fileEncoding = 4; lastKnownFileType = sourcecode.c.h; path = PXDeepModalViewController.h; sourceTree = "<group>"; };
		0111CC261BAAED0D00C19022 /* PXDeepModalViewController.m */ = {isa = PBXFileReference; fileEncoding = 4; lastKnownFileType = sourcecode.c.objc; path = PXDeepModalViewController.m; sourceTree = "<group>"; };
		012497901BA99994007CD98B /* PXPresentModal.h */ = {isa = PBXFileReference; fileEncoding = 4; lastKnownFileType = sourcecode.c.h; path = PXPresentModal.h; sourceTree = "<group>"; };
		012497911BA99994007CD98B /* PXPresentModal.m */ = {isa = PBXFileReference; fileEncoding = 4; lastKnownFileType = sourcecode.c.objc; path = PXPresentModal.m; sourceTree = "<group>"; };
		012497931BA9C686007CD98B /* PXPresentAnotherModal.h */ = {isa = PBXFileReference; fileEncoding = 4; lastKnownFileType = sourcecode.c.h; path = PXPresentAnotherModal.h; sourceTree = "<group>"; };
		012497941BA9C686007CD98B /* PXPresentAnotherModal.m */ = {isa = PBXFileReference; fileEncoding = 4; lastKnownFileType = sourcecode.c.objc; path = PXPresentAnotherModal.m; sourceTree = "<group>"; };
		013F68B81BA62CA300B5797B /* RouterDemo.app */ = {isa = PBXFileReference; explicitFileType = wrapper.application; includeInIndex = 0; path = RouterDemo.app; sourceTree = BUILT_PRODUCTS_DIR; };
		013F68BC1BA62CA300B5797B /* main.m */ = {isa = PBXFileReference; lastKnownFileType = sourcecode.c.objc; path = main.m; sourceTree = "<group>"; };
		013F68BE1BA62CA300B5797B /* AppDelegate.h */ = {isa = PBXFileReference; lastKnownFileType = sourcecode.c.h; path = AppDelegate.h; sourceTree = "<group>"; };
		013F68BF1BA62CA300B5797B /* AppDelegate.m */ = {isa = PBXFileReference; lastKnownFileType = sourcecode.c.objc; path = AppDelegate.m; sourceTree = "<group>"; };
		013F68C11BA62CA300B5797B /* ViewController.h */ = {isa = PBXFileReference; lastKnownFileType = sourcecode.c.h; path = ViewController.h; sourceTree = "<group>"; };
		013F68C21BA62CA300B5797B /* ViewController.m */ = {isa = PBXFileReference; lastKnownFileType = sourcecode.c.objc; path = ViewController.m; sourceTree = "<group>"; };
		013F68C71BA62CA300B5797B /* Assets.xcassets */ = {isa = PBXFileReference; lastKnownFileType = folder.assetcatalog; path = Assets.xcassets; sourceTree = "<group>"; };
		013F68CC1BA62CA300B5797B /* Info.plist */ = {isa = PBXFileReference; lastKnownFileType = text.plist.xml; path = Info.plist; sourceTree = "<group>"; };
		013F68D11BA62CA300B5797B /* RouterDemoTests.xctest */ = {isa = PBXFileReference; explicitFileType = wrapper.cfbundle; includeInIndex = 0; path = RouterDemoTests.xctest; sourceTree = BUILT_PRODUCTS_DIR; };
		013F68D51BA62CA300B5797B /* RouterDemoTests.m */ = {isa = PBXFileReference; lastKnownFileType = sourcecode.c.objc; path = RouterDemoTests.m; sourceTree = "<group>"; };
		013F68D71BA62CA300B5797B /* Info.plist */ = {isa = PBXFileReference; lastKnownFileType = text.plist.xml; path = Info.plist; sourceTree = "<group>"; };
		013F68DC1BA62CA300B5797B /* RouterDemoUITests.xctest */ = {isa = PBXFileReference; explicitFileType = wrapper.cfbundle; includeInIndex = 0; path = RouterDemoUITests.xctest; sourceTree = BUILT_PRODUCTS_DIR; };
		013F68E01BA62CA300B5797B /* RouterDemoUITests.m */ = {isa = PBXFileReference; lastKnownFileType = sourcecode.c.objc; path = RouterDemoUITests.m; sourceTree = "<group>"; };
		013F68E21BA62CA300B5797B /* Info.plist */ = {isa = PBXFileReference; lastKnownFileType = text.plist.xml; path = Info.plist; sourceTree = "<group>"; };
		013F68FD1BA62D0000B5797B /* libRouter.a */ = {isa = PBXFileReference; lastKnownFileType = archive.ar; name = libRouter.a; path = "../build/Debug-iphoneos/libRouter.a"; sourceTree = "<group>"; };
		01A01A601BA8324700608274 /* LaunchScreen.xib */ = {isa = PBXFileReference; fileEncoding = 4; lastKnownFileType = file.xib; path = LaunchScreen.xib; sourceTree = "<group>"; };
		01A01A851BA8777100608274 /* PXColorViewControllers.h */ = {isa = PBXFileReference; fileEncoding = 4; lastKnownFileType = sourcecode.c.h; path = PXColorViewControllers.h; sourceTree = "<group>"; };
		01A01A861BA8777100608274 /* PXColorViewControllers.m */ = {isa = PBXFileReference; fileEncoding = 4; lastKnownFileType = sourcecode.c.objc; path = PXColorViewControllers.m; sourceTree = "<group>"; };
		01A01A891BA8782700608274 /* PXPresentRed.h */ = {isa = PBXFileReference; fileEncoding = 4; lastKnownFileType = sourcecode.c.h; path = PXPresentRed.h; sourceTree = "<group>"; };
		01A01A8A1BA8782700608274 /* PXPresentRed.m */ = {isa = PBXFileReference; fileEncoding = 4; lastKnownFileType = sourcecode.c.objc; path = PXPresentRed.m; sourceTree = "<group>"; };
		01A01A8C1BA8783600608274 /* PXPresentGreen.h */ = {isa = PBXFileReference; fileEncoding = 4; lastKnownFileType = sourcecode.c.h; path = PXPresentGreen.h; sourceTree = "<group>"; };
		01A01A8D1BA8783600608274 /* PXPresentGreen.m */ = {isa = PBXFileReference; fileEncoding = 4; lastKnownFileType = sourcecode.c.objc; path = PXPresentGreen.m; sourceTree = "<group>"; };
		01A01A8F1BA8783E00608274 /* PXPresentBlue.h */ = {isa = PBXFileReference; fileEncoding = 4; lastKnownFileType = sourcecode.c.h; path = PXPresentBlue.h; sourceTree = "<group>"; };
		01A01A901BA8783E00608274 /* PXPresentBlue.m */ = {isa = PBXFileReference; fileEncoding = 4; lastKnownFileType = sourcecode.c.objc; path = PXPresentBlue.m; sourceTree = "<group>"; };
		01A01A921BA8786F00608274 /* RTRRouter+Shared.h */ = {isa = PBXFileReference; fileEncoding = 4; lastKnownFileType = sourcecode.c.h; path = "RTRRouter+Shared.h"; sourceTree = "<group>"; };
		01A01A931BA8786F00608274 /* RTRRouter+Shared.m */ = {isa = PBXFileReference; fileEncoding = 4; lastKnownFileType = sourcecode.c.objc; path = "RTRRouter+Shared.m"; sourceTree = "<group>"; };
		01A01AB21BA9887D00608274 /* PXModalViewController.h */ = {isa = PBXFileReference; fileEncoding = 4; lastKnownFileType = sourcecode.c.h; path = PXModalViewController.h; sourceTree = "<group>"; };
		01A01AB31BA9887D00608274 /* PXModalViewController.m */ = {isa = PBXFileReference; fileEncoding = 4; lastKnownFileType = sourcecode.c.objc; path = PXModalViewController.m; sourceTree = "<group>"; };
/* End PBXFileReference section */

/* Begin PBXFrameworksBuildPhase section */
		013F68B51BA62CA300B5797B /* Frameworks */ = {
			isa = PBXFrameworksBuildPhase;
			buildActionMask = 2147483647;
			files = (
				013F68FE1BA62D0000B5797B /* libRouter.a in Frameworks */,
			);
			runOnlyForDeploymentPostprocessing = 0;
		};
		013F68CE1BA62CA300B5797B /* Frameworks */ = {
			isa = PBXFrameworksBuildPhase;
			buildActionMask = 2147483647;
			files = (
			);
			runOnlyForDeploymentPostprocessing = 0;
		};
		013F68D91BA62CA300B5797B /* Frameworks */ = {
			isa = PBXFrameworksBuildPhase;
			buildActionMask = 2147483647;
			files = (
			);
			runOnlyForDeploymentPostprocessing = 0;
		};
/* End PBXFrameworksBuildPhase section */

/* Begin PBXGroup section */
		013F68AF1BA62CA300B5797B = {
			isa = PBXGroup;
			children = (
				013F68BA1BA62CA300B5797B /* RouterDemo */,
				013F68D41BA62CA300B5797B /* RouterDemoTests */,
				013F68DF1BA62CA300B5797B /* RouterDemoUITests */,
				013F68FF1BA62D0E00B5797B /* Frameworks */,
				013F68B91BA62CA300B5797B /* Products */,
			);
			sourceTree = "<group>";
		};
		013F68B91BA62CA300B5797B /* Products */ = {
			isa = PBXGroup;
			children = (
				013F68B81BA62CA300B5797B /* RouterDemo.app */,
				013F68D11BA62CA300B5797B /* RouterDemoTests.xctest */,
				013F68DC1BA62CA300B5797B /* RouterDemoUITests.xctest */,
			);
			name = Products;
			sourceTree = "<group>";
		};
		013F68BA1BA62CA300B5797B /* RouterDemo */ = {
			isa = PBXGroup;
			children = (
				01A01A841BA8775600608274 /* View Controllers */,
				01A01A881BA8780300608274 /* Commands */,
				01A01A921BA8786F00608274 /* RTRRouter+Shared.h */,
				01A01A931BA8786F00608274 /* RTRRouter+Shared.m */,
				013F68BE1BA62CA300B5797B /* AppDelegate.h */,
				013F68BF1BA62CA300B5797B /* AppDelegate.m */,
				013F68C11BA62CA300B5797B /* ViewController.h */,
				013F68C21BA62CA300B5797B /* ViewController.m */,
				01A01A601BA8324700608274 /* LaunchScreen.xib */,
				013F68C71BA62CA300B5797B /* Assets.xcassets */,
				013F68CC1BA62CA300B5797B /* Info.plist */,
				013F68BB1BA62CA300B5797B /* Supporting Files */,
			);
			path = RouterDemo;
			sourceTree = "<group>";
		};
		013F68BB1BA62CA300B5797B /* Supporting Files */ = {
			isa = PBXGroup;
			children = (
				013F68BC1BA62CA300B5797B /* main.m */,
			);
			name = "Supporting Files";
			sourceTree = "<group>";
		};
		013F68D41BA62CA300B5797B /* RouterDemoTests */ = {
			isa = PBXGroup;
			children = (
				013F68D51BA62CA300B5797B /* RouterDemoTests.m */,
				013F68D71BA62CA300B5797B /* Info.plist */,
			);
			path = RouterDemoTests;
			sourceTree = "<group>";
		};
		013F68DF1BA62CA300B5797B /* RouterDemoUITests */ = {
			isa = PBXGroup;
			children = (
				013F68E01BA62CA300B5797B /* RouterDemoUITests.m */,
				013F68E21BA62CA300B5797B /* Info.plist */,
			);
			path = RouterDemoUITests;
			sourceTree = "<group>";
		};
		013F68FF1BA62D0E00B5797B /* Frameworks */ = {
			isa = PBXGroup;
			children = (
				013F68FD1BA62D0000B5797B /* libRouter.a */,
			);
			name = Frameworks;
			sourceTree = "<group>";
		};
		01A01A841BA8775600608274 /* View Controllers */ = {
			isa = PBXGroup;
			children = (
				01A01A851BA8777100608274 /* PXColorViewControllers.h */,
				01A01A861BA8777100608274 /* PXColorViewControllers.m */,
				01A01AB21BA9887D00608274 /* PXModalViewController.h */,
				01A01AB31BA9887D00608274 /* PXModalViewController.m */,
				0111CC251BAAED0D00C19022 /* PXDeepModalViewController.h */,
				0111CC261BAAED0D00C19022 /* PXDeepModalViewController.m */,
			);
			name = "View Controllers";
			sourceTree = "<group>";
		};
		01A01A881BA8780300608274 /* Commands */ = {
			isa = PBXGroup;
			children = (
				01A01A891BA8782700608274 /* PXPresentRed.h */,
				01A01A8A1BA8782700608274 /* PXPresentRed.m */,
				01A01A8C1BA8783600608274 /* PXPresentGreen.h */,
				01A01A8D1BA8783600608274 /* PXPresentGreen.m */,
				01A01A8F1BA8783E00608274 /* PXPresentBlue.h */,
				01A01A901BA8783E00608274 /* PXPresentBlue.m */,
				012497901BA99994007CD98B /* PXPresentModal.h */,
				012497911BA99994007CD98B /* PXPresentModal.m */,
				012497931BA9C686007CD98B /* PXPresentAnotherModal.h */,
				012497941BA9C686007CD98B /* PXPresentAnotherModal.m */,
			);
			name = Commands;
			sourceTree = "<group>";
		};
/* End PBXGroup section */

/* Begin PBXNativeTarget section */
		013F68B71BA62CA300B5797B /* RouterDemo */ = {
			isa = PBXNativeTarget;
			buildConfigurationList = 013F68E51BA62CA300B5797B /* Build configuration list for PBXNativeTarget "RouterDemo" */;
			buildPhases = (
				013F68B41BA62CA300B5797B /* Sources */,
				013F68B51BA62CA300B5797B /* Frameworks */,
				013F68B61BA62CA300B5797B /* Resources */,
			);
			buildRules = (
			);
			dependencies = (
			);
			name = RouterDemo;
			productName = RouterDemo;
			productReference = 013F68B81BA62CA300B5797B /* RouterDemo.app */;
			productType = "com.apple.product-type.application";
		};
		013F68D01BA62CA300B5797B /* RouterDemoTests */ = {
			isa = PBXNativeTarget;
			buildConfigurationList = 013F68E81BA62CA300B5797B /* Build configuration list for PBXNativeTarget "RouterDemoTests" */;
			buildPhases = (
				013F68CD1BA62CA300B5797B /* Sources */,
				013F68CE1BA62CA300B5797B /* Frameworks */,
				013F68CF1BA62CA300B5797B /* Resources */,
			);
			buildRules = (
			);
			dependencies = (
				013F68D31BA62CA300B5797B /* PBXTargetDependency */,
			);
			name = RouterDemoTests;
			productName = RouterDemoTests;
			productReference = 013F68D11BA62CA300B5797B /* RouterDemoTests.xctest */;
			productType = "com.apple.product-type.bundle.unit-test";
		};
		013F68DB1BA62CA300B5797B /* RouterDemoUITests */ = {
			isa = PBXNativeTarget;
			buildConfigurationList = 013F68EB1BA62CA300B5797B /* Build configuration list for PBXNativeTarget "RouterDemoUITests" */;
			buildPhases = (
				013F68D81BA62CA300B5797B /* Sources */,
				013F68D91BA62CA300B5797B /* Frameworks */,
				013F68DA1BA62CA300B5797B /* Resources */,
			);
			buildRules = (
			);
			dependencies = (
				013F68DE1BA62CA300B5797B /* PBXTargetDependency */,
			);
			name = RouterDemoUITests;
			productName = RouterDemoUITests;
			productReference = 013F68DC1BA62CA300B5797B /* RouterDemoUITests.xctest */;
			productType = "com.apple.product-type.bundle.ui-testing";
		};
/* End PBXNativeTarget section */

/* Begin PBXProject section */
		013F68B01BA62CA300B5797B /* Project object */ = {
			isa = PBXProject;
			attributes = {
				CLASSPREFIX = PX;
				LastUpgradeCheck = 0710;
				ORGANIZATIONNAME = Pixty;
				TargetAttributes = {
					013F68B71BA62CA300B5797B = {
						CreatedOnToolsVersion = 7.1;
					};
					013F68D01BA62CA300B5797B = {
						CreatedOnToolsVersion = 7.1;
						TestTargetID = 013F68B71BA62CA300B5797B;
					};
					013F68DB1BA62CA300B5797B = {
						CreatedOnToolsVersion = 7.1;
						TestTargetID = 013F68B71BA62CA300B5797B;
					};
				};
			};
			buildConfigurationList = 013F68B31BA62CA300B5797B /* Build configuration list for PBXProject "RouterDemo" */;
			compatibilityVersion = "Xcode 3.2";
			developmentRegion = English;
			hasScannedForEncodings = 0;
			knownRegions = (
				en,
				Base,
			);
			mainGroup = 013F68AF1BA62CA300B5797B;
			productRefGroup = 013F68B91BA62CA300B5797B /* Products */;
			projectDirPath = "";
			projectRoot = "";
			targets = (
				013F68B71BA62CA300B5797B /* RouterDemo */,
				013F68D01BA62CA300B5797B /* RouterDemoTests */,
				013F68DB1BA62CA300B5797B /* RouterDemoUITests */,
			);
		};
/* End PBXProject section */

/* Begin PBXResourcesBuildPhase section */
		013F68B61BA62CA300B5797B /* Resources */ = {
			isa = PBXResourcesBuildPhase;
			buildActionMask = 2147483647;
			files = (
				013F68C81BA62CA300B5797B /* Assets.xcassets in Resources */,
				01A01A611BA8324700608274 /* LaunchScreen.xib in Resources */,
			);
			runOnlyForDeploymentPostprocessing = 0;
		};
		013F68CF1BA62CA300B5797B /* Resources */ = {
			isa = PBXResourcesBuildPhase;
			buildActionMask = 2147483647;
			files = (
			);
			runOnlyForDeploymentPostprocessing = 0;
		};
		013F68DA1BA62CA300B5797B /* Resources */ = {
			isa = PBXResourcesBuildPhase;
			buildActionMask = 2147483647;
			files = (
			);
			runOnlyForDeploymentPostprocessing = 0;
		};
/* End PBXResourcesBuildPhase section */

/* Begin PBXSourcesBuildPhase section */
		013F68B41BA62CA300B5797B /* Sources */ = {
			isa = PBXSourcesBuildPhase;
			buildActionMask = 2147483647;
			files = (
				01A01A941BA8786F00608274 /* RTRRouter+Shared.m in Sources */,
				012497921BA99994007CD98B /* PXPresentModal.m in Sources */,
				01A01A911BA8783E00608274 /* PXPresentBlue.m in Sources */,
				01A01A871BA8777100608274 /* PXColorViewControllers.m in Sources */,
				0111CC271BAAED0D00C19022 /* PXDeepModalViewController.m in Sources */,
				013F68C31BA62CA300B5797B /* ViewController.m in Sources */,
				01A01AB41BA9887D00608274 /* PXModalViewController.m in Sources */,
				013F68C01BA62CA300B5797B /* AppDelegate.m in Sources */,
				01A01A8E1BA8783600608274 /* PXPresentGreen.m in Sources */,
				012497951BA9C686007CD98B /* PXPresentAnotherModal.m in Sources */,
				013F68BD1BA62CA300B5797B /* main.m in Sources */,
				01A01A8B1BA8782700608274 /* PXPresentRed.m in Sources */,
			);
			runOnlyForDeploymentPostprocessing = 0;
		};
		013F68CD1BA62CA300B5797B /* Sources */ = {
			isa = PBXSourcesBuildPhase;
			buildActionMask = 2147483647;
			files = (
				013F68D61BA62CA300B5797B /* RouterDemoTests.m in Sources */,
			);
			runOnlyForDeploymentPostprocessing = 0;
		};
		013F68D81BA62CA300B5797B /* Sources */ = {
			isa = PBXSourcesBuildPhase;
			buildActionMask = 2147483647;
			files = (
				013F68E11BA62CA300B5797B /* RouterDemoUITests.m in Sources */,
			);
			runOnlyForDeploymentPostprocessing = 0;
		};
/* End PBXSourcesBuildPhase section */

/* Begin PBXTargetDependency section */
		013F68D31BA62CA300B5797B /* PBXTargetDependency */ = {
			isa = PBXTargetDependency;
			target = 013F68B71BA62CA300B5797B /* RouterDemo */;
			targetProxy = 013F68D21BA62CA300B5797B /* PBXContainerItemProxy */;
		};
		013F68DE1BA62CA300B5797B /* PBXTargetDependency */ = {
			isa = PBXTargetDependency;
			target = 013F68B71BA62CA300B5797B /* RouterDemo */;
			targetProxy = 013F68DD1BA62CA300B5797B /* PBXContainerItemProxy */;
		};
/* End PBXTargetDependency section */

/* Begin XCBuildConfiguration section */
		013F68E31BA62CA300B5797B /* Debug */ = {
			isa = XCBuildConfiguration;
			buildSettings = {
				ALWAYS_SEARCH_USER_PATHS = NO;
				CLANG_CXX_LANGUAGE_STANDARD = "gnu++0x";
				CLANG_CXX_LIBRARY = "libc++";
				CLANG_ENABLE_MODULES = YES;
				CLANG_ENABLE_OBJC_ARC = YES;
				CLANG_WARN_BOOL_CONVERSION = YES;
				CLANG_WARN_CONSTANT_CONVERSION = YES;
				CLANG_WARN_DIRECT_OBJC_ISA_USAGE = YES_ERROR;
				CLANG_WARN_EMPTY_BODY = YES;
				CLANG_WARN_ENUM_CONVERSION = YES;
				CLANG_WARN_INT_CONVERSION = YES;
				CLANG_WARN_OBJC_ROOT_CLASS = YES_ERROR;
				CLANG_WARN_UNREACHABLE_CODE = YES;
				CLANG_WARN__DUPLICATE_METHOD_MATCH = YES;
				"CODE_SIGN_IDENTITY[sdk=iphoneos*]" = "iPhone Developer";
				COPY_PHASE_STRIP = NO;
				DEBUG_INFORMATION_FORMAT = dwarf;
				ENABLE_STRICT_OBJC_MSGSEND = YES;
				ENABLE_TESTABILITY = YES;
				GCC_C_LANGUAGE_STANDARD = gnu99;
				GCC_DYNAMIC_NO_PIC = NO;
				GCC_NO_COMMON_BLOCKS = YES;
				GCC_OPTIMIZATION_LEVEL = 0;
				GCC_PREPROCESSOR_DEFINITIONS = (
					"DEBUG=1",
					"$(inherited)",
				);
				GCC_WARN_64_TO_32_BIT_CONVERSION = YES;
				GCC_WARN_ABOUT_RETURN_TYPE = YES_ERROR;
				GCC_WARN_UNDECLARED_SELECTOR = YES;
				GCC_WARN_UNINITIALIZED_AUTOS = YES_AGGRESSIVE;
				GCC_WARN_UNUSED_FUNCTION = YES;
				GCC_WARN_UNUSED_VARIABLE = YES;
				HEADER_SEARCH_PATHS = (
					"$(inherited)",
					/Applications/Xcode.app/Contents/Developer/Toolchains/XcodeDefault.xctoolchain/usr/include,
					"../Router/**",
				);
				IPHONEOS_DEPLOYMENT_TARGET = 8.0;
				MTL_ENABLE_DEBUG_INFO = YES;
				ONLY_ACTIVE_ARCH = YES;
				SDKROOT = iphoneos;
			};
			name = Debug;
		};
		013F68E41BA62CA300B5797B /* Release */ = {
			isa = XCBuildConfiguration;
			buildSettings = {
				ALWAYS_SEARCH_USER_PATHS = NO;
				CLANG_CXX_LANGUAGE_STANDARD = "gnu++0x";
				CLANG_CXX_LIBRARY = "libc++";
				CLANG_ENABLE_MODULES = YES;
				CLANG_ENABLE_OBJC_ARC = YES;
				CLANG_WARN_BOOL_CONVERSION = YES;
				CLANG_WARN_CONSTANT_CONVERSION = YES;
				CLANG_WARN_DIRECT_OBJC_ISA_USAGE = YES_ERROR;
				CLANG_WARN_EMPTY_BODY = YES;
				CLANG_WARN_ENUM_CONVERSION = YES;
				CLANG_WARN_INT_CONVERSION = YES;
				CLANG_WARN_OBJC_ROOT_CLASS = YES_ERROR;
				CLANG_WARN_UNREACHABLE_CODE = YES;
				CLANG_WARN__DUPLICATE_METHOD_MATCH = YES;
				"CODE_SIGN_IDENTITY[sdk=iphoneos*]" = "iPhone Developer";
				COPY_PHASE_STRIP = NO;
				DEBUG_INFORMATION_FORMAT = "dwarf-with-dsym";
				ENABLE_NS_ASSERTIONS = NO;
				ENABLE_STRICT_OBJC_MSGSEND = YES;
				GCC_C_LANGUAGE_STANDARD = gnu99;
				GCC_NO_COMMON_BLOCKS = YES;
				GCC_WARN_64_TO_32_BIT_CONVERSION = YES;
				GCC_WARN_ABOUT_RETURN_TYPE = YES_ERROR;
				GCC_WARN_UNDECLARED_SELECTOR = YES;
				GCC_WARN_UNINITIALIZED_AUTOS = YES_AGGRESSIVE;
				GCC_WARN_UNUSED_FUNCTION = YES;
				GCC_WARN_UNUSED_VARIABLE = YES;
				HEADER_SEARCH_PATHS = (
					"$(inherited)",
					/Applications/Xcode.app/Contents/Developer/Toolchains/XcodeDefault.xctoolchain/usr/include,
					"../Router/**",
				);
				IPHONEOS_DEPLOYMENT_TARGET = 8.0;
				MTL_ENABLE_DEBUG_INFO = NO;
				SDKROOT = iphoneos;
				VALIDATE_PRODUCT = YES;
			};
			name = Release;
		};
		013F68E61BA62CA300B5797B /* Debug */ = {
			isa = XCBuildConfiguration;
			buildSettings = {
				ASSETCATALOG_COMPILER_APPICON_NAME = AppIcon;
				INFOPLIST_FILE = RouterDemo/Info.plist;
				LD_RUNPATH_SEARCH_PATHS = "$(inherited) @executable_path/Frameworks";
				PRODUCT_BUNDLE_IDENTIFIER = com.pixty.RouterDemo;
				PRODUCT_NAME = "$(TARGET_NAME)";
			};
			name = Debug;
		};
		013F68E71BA62CA300B5797B /* Release */ = {
			isa = XCBuildConfiguration;
			buildSettings = {
				ASSETCATALOG_COMPILER_APPICON_NAME = AppIcon;
				INFOPLIST_FILE = RouterDemo/Info.plist;
				LD_RUNPATH_SEARCH_PATHS = "$(inherited) @executable_path/Frameworks";
				PRODUCT_BUNDLE_IDENTIFIER = com.pixty.RouterDemo;
				PRODUCT_NAME = "$(TARGET_NAME)";
			};
			name = Release;
		};
		013F68E91BA62CA300B5797B /* Debug */ = {
			isa = XCBuildConfiguration;
			buildSettings = {
				BUNDLE_LOADER = "$(TEST_HOST)";
				INFOPLIST_FILE = RouterDemoTests/Info.plist;
				LD_RUNPATH_SEARCH_PATHS = "$(inherited) @executable_path/Frameworks @loader_path/Frameworks";
				PRODUCT_BUNDLE_IDENTIFIER = com.pixty.RouterDemoTests;
				PRODUCT_NAME = "$(TARGET_NAME)";
				TEST_HOST = "$(BUILT_PRODUCTS_DIR)/RouterDemo.app/RouterDemo";
			};
			name = Debug;
		};
		013F68EA1BA62CA300B5797B /* Release */ = {
			isa = XCBuildConfiguration;
			buildSettings = {
				BUNDLE_LOADER = "$(TEST_HOST)";
				INFOPLIST_FILE = RouterDemoTests/Info.plist;
				LD_RUNPATH_SEARCH_PATHS = "$(inherited) @executable_path/Frameworks @loader_path/Frameworks";
				PRODUCT_BUNDLE_IDENTIFIER = com.pixty.RouterDemoTests;
				PRODUCT_NAME = "$(TARGET_NAME)";
				TEST_HOST = "$(BUILT_PRODUCTS_DIR)/RouterDemo.app/RouterDemo";
			};
			name = Release;
		};
		013F68EC1BA62CA300B5797B /* Debug */ = {
			isa = XCBuildConfiguration;
			buildSettings = {
				INFOPLIST_FILE = RouterDemoUITests/Info.plist;
				LD_RUNPATH_SEARCH_PATHS = "$(inherited) @executable_path/Frameworks @loader_path/Frameworks";
				PRODUCT_BUNDLE_IDENTIFIER = com.pixty.RouterDemoUITests;
				PRODUCT_NAME = "$(TARGET_NAME)";
				TEST_TARGET_NAME = RouterDemo;
				USES_XCTRUNNER = YES;
			};
			name = Debug;
		};
		013F68ED1BA62CA300B5797B /* Release */ = {
			isa = XCBuildConfiguration;
			buildSettings = {
				INFOPLIST_FILE = RouterDemoUITests/Info.plist;
				LD_RUNPATH_SEARCH_PATHS = "$(inherited) @executable_path/Frameworks @loader_path/Frameworks";
				PRODUCT_BUNDLE_IDENTIFIER = com.pixty.RouterDemoUITests;
				PRODUCT_NAME = "$(TARGET_NAME)";
				TEST_TARGET_NAME = RouterDemo;
				USES_XCTRUNNER = YES;
			};
			name = Release;
		};
/* End XCBuildConfiguration section */

/* Begin XCConfigurationList section */
		013F68B31BA62CA300B5797B /* Build configuration list for PBXProject "RouterDemo" */ = {
			isa = XCConfigurationList;
			buildConfigurations = (
				013F68E31BA62CA300B5797B /* Debug */,
				013F68E41BA62CA300B5797B /* Release */,
			);
			defaultConfigurationIsVisible = 0;
			defaultConfigurationName = Release;
		};
		013F68E51BA62CA300B5797B /* Build configuration list for PBXNativeTarget "RouterDemo" */ = {
			isa = XCConfigurationList;
			buildConfigurations = (
				013F68E61BA62CA300B5797B /* Debug */,
				013F68E71BA62CA300B5797B /* Release */,
			);
			defaultConfigurationIsVisible = 0;
			defaultConfigurationName = Release;
		};
		013F68E81BA62CA300B5797B /* Build configuration list for PBXNativeTarget "RouterDemoTests" */ = {
			isa = XCConfigurationList;
			buildConfigurations = (
				013F68E91BA62CA300B5797B /* Debug */,
				013F68EA1BA62CA300B5797B /* Release */,
			);
			defaultConfigurationIsVisible = 0;
			defaultConfigurationName = Release;
		};
		013F68EB1BA62CA300B5797B /* Build configuration list for PBXNativeTarget "RouterDemoUITests" */ = {
			isa = XCConfigurationList;
			buildConfigurations = (
				013F68EC1BA62CA300B5797B /* Debug */,
				013F68ED1BA62CA300B5797B /* Release */,
			);
			defaultConfigurationIsVisible = 0;
			defaultConfigurationName = Release;
		};
/* End XCConfigurationList section */
	};
	rootObject = 013F68B01BA62CA300B5797B /* Project object */;
}
