// !$*UTF8*$!
{
	archiveVersion = 1;
	classes = {
	};
	objectVersion = 46;
	objects = {

/* Begin PBXBuildFile section */
		0111CC241BAA470D00C19022 /* RTRUpdateOrientedContent.m in Sources */ = {isa = PBXBuildFile; fileRef = 0111CC231BAA470D00C19022 /* RTRUpdateOrientedContent.m */; };
		0111CC2B1BAB026B00C19022 /* RTRBasicCommandRegistry.m in Sources */ = {isa = PBXBuildFile; fileRef = 0111CC2A1BAB026B00C19022 /* RTRBasicCommandRegistry.m */; };
		012497981BA9D92E007CD98B /* RTRTabBarControllerContent.m in Sources */ = {isa = PBXBuildFile; fileRef = 012497971BA9D92E007CD98B /* RTRTabBarControllerContent.m */; };
		0124979E1BA9E7B1007CD98B /* RTRViewControllerContentHelpers.m in Sources */ = {isa = PBXBuildFile; fileRef = 0124979D1BA9E7B1007CD98B /* RTRViewControllerContentHelpers.m */; };
		012A87A61BB3791200C9679D /* RTRNodeDataStorage.m in Sources */ = {isa = PBXBuildFile; fileRef = 012A87A51BB3791200C9679D /* RTRNodeDataStorage.m */; settings = {ASSET_TAGS = (); }; };
		013176A31BC1F7650007668B /* RTRTarget.m in Sources */ = {isa = PBXBuildFile; fileRef = 013176A21BC1F7650007668B /* RTRTarget.m */; settings = {ASSET_TAGS = (); }; };
		0160A96D1BA742C90035A331 /* RTRStackNode.m in Sources */ = {isa = PBXBuildFile; fileRef = 0160A96C1BA742C90035A331 /* RTRStackNode.m */; };
		0160A9701BA7434B0035A331 /* RTRNodeTree.m in Sources */ = {isa = PBXBuildFile; fileRef = 0160A96F1BA7434B0035A331 /* RTRNodeTree.m */; };
		0160A9761BA7479C0035A331 /* RTRTabNode.m in Sources */ = {isa = PBXBuildFile; fileRef = 0160A9751BA7479C0035A331 /* RTRTabNode.m */; };
		0160A97F1BA782BA0035A331 /* RTRNodeChildrenState.m in Sources */ = {isa = PBXBuildFile; fileRef = 0160A97E1BA782BA0035A331 /* RTRNodeChildrenState.m */; };
		0160A9851BA78EAC0035A331 /* RTRNavigationControllerContent.m in Sources */ = {isa = PBXBuildFile; fileRef = 0160A9841BA78EAC0035A331 /* RTRNavigationControllerContent.m */; };
		017E5B251BC14DE300C6C831 /* RTRFreeStackNode.m in Sources */ = {isa = PBXBuildFile; fileRef = 017E5B241BC14DE300C6C831 /* RTRFreeStackNode.m */; settings = {ASSET_TAGS = (); }; };
		017E5B281BC1688400C6C831 /* UIViewController+RTRDismissalTracking.m in Sources */ = {isa = PBXBuildFile; fileRef = 017E5B271BC1688400C6C831 /* UIViewController+RTRDismissalTracking.m */; settings = {ASSET_TAGS = (); }; };
		0186CAF21BACC29E00B22431 /* RTRDescriptionHelpers.m in Sources */ = {isa = PBXBuildFile; fileRef = 0186CAF11BACC29E00B22431 /* RTRDescriptionHelpers.m */; settings = {ASSET_TAGS = (); }; };
		0186CB001BADF93600B22431 /* RTRUpdateHandlerImpl.m in Sources */ = {isa = PBXBuildFile; fileRef = 0186CAFF1BADF93600B22431 /* RTRUpdateHandlerImpl.m */; settings = {ASSET_TAGS = (); }; };
		0186CB071BAE038600B22431 /* RTRTree.m in Sources */ = {isa = PBXBuildFile; fileRef = 0186CB061BAE038600B22431 /* RTRTree.m */; settings = {ASSET_TAGS = (); }; };
		0186CB0A1BAE0A1700B22431 /* RTRNodeForest.m in Sources */ = {isa = PBXBuildFile; fileRef = 0186CB091BAE0A1700B22431 /* RTRNodeForest.m */; settings = {ASSET_TAGS = (); }; };
		0186CB0D1BAE0C3200B22431 /* RTRStackNodeChildrenState.m in Sources */ = {isa = PBXBuildFile; fileRef = 0186CB0C1BAE0C3200B22431 /* RTRStackNodeChildrenState.m */; settings = {ASSET_TAGS = (); }; };
		01A01A641BA8373B00608274 /* RTRViewControllerContent.m in Sources */ = {isa = PBXBuildFile; fileRef = 01A01A631BA8373B00608274 /* RTRViewControllerContent.m */; };
		01A01A671BA837B100608274 /* RTRRouter.m in Sources */ = {isa = PBXBuildFile; fileRef = 01A01A661BA837B100608274 /* RTRRouter.m */; };
		01A01A721BA83B0B00608274 /* RTRGraph.m in Sources */ = {isa = PBXBuildFile; fileRef = 01A01A711BA83B0B00608274 /* RTRGraph.m */; };
		01A01A801BA84D2500608274 /* RTRNodeData.m in Sources */ = {isa = PBXBuildFile; fileRef = 01A01A7F1BA84D2500608274 /* RTRNodeData.m */; };
		01A01A831BA869F200608274 /* RTRNodeContentUpdateContextImpl.m in Sources */ = {isa = PBXBuildFile; fileRef = 01A01A821BA869F200608274 /* RTRNodeContentUpdateContextImpl.m */; };
		01A01A991BA8834500608274 /* RTRLeafNode.m in Sources */ = {isa = PBXBuildFile; fileRef = 01A01A981BA8834500608274 /* RTRLeafNode.m */; };
		01A01AA11BA88B4000608274 /* RTRModalPresentationContent.m in Sources */ = {isa = PBXBuildFile; fileRef = 01A01AA01BA88B4000608274 /* RTRModalPresentationContent.m */; };
		01A01AA41BA8901100608274 /* RTRBasicNodeContentProvider.m in Sources */ = {isa = PBXBuildFile; fileRef = 01A01AA31BA8901100608274 /* RTRBasicNodeContentProvider.m */; };
		01A01AA81BA8E9FB00608274 /* RTRNodeContentFeedbackChannelImpl.m in Sources */ = {isa = PBXBuildFile; fileRef = 01A01AA71BA8E9FB00608274 /* RTRNodeContentFeedbackChannelImpl.m */; };
		01A01AAC1BA9743900608274 /* RTRCompositeNodeContent.m in Sources */ = {isa = PBXBuildFile; fileRef = 01A01AAB1BA9743900608274 /* RTRCompositeNodeContent.m */; };
		01A01AB11BA97B7100608274 /* RTRCompositeNodeContentProvider.m in Sources */ = {isa = PBXBuildFile; fileRef = 01A01AB01BA97B7100608274 /* RTRCompositeNodeContentProvider.m */; };
		01C6F8CD1BB6D6F500A13C1E /* RTRTaskQueue.m in Sources */ = {isa = PBXBuildFile; fileRef = 01C6F8CC1BB6D6F500A13C1E /* RTRTaskQueue.m */; settings = {ASSET_TAGS = (); }; };
		01C6F8D01BB6D8DD00A13C1E /* RTRBlockTask.m in Sources */ = {isa = PBXBuildFile; fileRef = 01C6F8CF1BB6D8DD00A13C1E /* RTRBlockTask.m */; settings = {ASSET_TAGS = (); }; };
		01C6F8D31BB6DE8000A13C1E /* RTRNodeUpdateTask.m in Sources */ = {isa = PBXBuildFile; fileRef = 01C6F8D21BB6DE8000A13C1E /* RTRNodeUpdateTask.m */; settings = {ASSET_TAGS = (); }; };
		01C6F8D71BB81FB700A13C1E /* RTRCommandNodeUpdateTask.m in Sources */ = {isa = PBXBuildFile; fileRef = 01C6F8D61BB81FB700A13C1E /* RTRCommandNodeUpdateTask.m */; settings = {ASSET_TAGS = (); }; };
		01C6F9041BBA063800A13C1E /* RTRContentFeedbackUpdateTask.m in Sources */ = {isa = PBXBuildFile; fileRef = 01C6F9031BBA063800A13C1E /* RTRContentFeedbackUpdateTask.m */; settings = {ASSET_TAGS = (); }; };
		01C6F90E1BBB1C7E00A13C1E /* RTRComponents.m in Sources */ = {isa = PBXBuildFile; fileRef = 01C6F90D1BBB1C7E00A13C1E /* RTRComponents.m */; settings = {ASSET_TAGS = (); }; };
		01E8BB971BC01318000405D2 /* RTRManualNodeUpdateTask.m in Sources */ = {isa = PBXBuildFile; fileRef = 01E8BB961BC01318000405D2 /* RTRManualNodeUpdateTask.m */; settings = {ASSET_TAGS = (); }; };
/* End PBXBuildFile section */

/* Begin PBXCopyFilesBuildPhase section */
		013F68A11BA62BE900B5797B /* CopyFiles */ = {
			isa = PBXCopyFilesBuildPhase;
			buildActionMask = 2147483647;
			dstPath = "include/$(PRODUCT_NAME)";
			dstSubfolderSpec = 16;
			files = (
			);
			runOnlyForDeploymentPostprocessing = 0;
		};
/* End PBXCopyFilesBuildPhase section */

/* Begin PBXFileReference section */
		0111CC221BAA470D00C19022 /* RTRUpdateOrientedContent.h */ = {isa = PBXFileReference; fileEncoding = 4; lastKnownFileType = sourcecode.c.h; path = RTRUpdateOrientedContent.h; sourceTree = "<group>"; };
		0111CC231BAA470D00C19022 /* RTRUpdateOrientedContent.m */ = {isa = PBXFileReference; fileEncoding = 4; lastKnownFileType = sourcecode.c.objc; path = RTRUpdateOrientedContent.m; sourceTree = "<group>"; };
		0111CC291BAB026B00C19022 /* RTRBasicCommandRegistry.h */ = {isa = PBXFileReference; fileEncoding = 4; lastKnownFileType = sourcecode.c.h; path = RTRBasicCommandRegistry.h; sourceTree = "<group>"; };
		0111CC2A1BAB026B00C19022 /* RTRBasicCommandRegistry.m */ = {isa = PBXFileReference; fileEncoding = 4; lastKnownFileType = sourcecode.c.objc; path = RTRBasicCommandRegistry.m; sourceTree = "<group>"; };
		0111CC391BAB963900C19022 /* RTRTaskQueue.h */ = {isa = PBXFileReference; fileEncoding = 4; lastKnownFileType = sourcecode.c.h; path = RTRTaskQueue.h; sourceTree = "<group>"; };
		012497961BA9D92E007CD98B /* RTRTabBarControllerContent.h */ = {isa = PBXFileReference; fileEncoding = 4; lastKnownFileType = sourcecode.c.h; path = RTRTabBarControllerContent.h; sourceTree = "<group>"; };
		012497971BA9D92E007CD98B /* RTRTabBarControllerContent.m */ = {isa = PBXFileReference; fileEncoding = 4; lastKnownFileType = sourcecode.c.objc; path = RTRTabBarControllerContent.m; sourceTree = "<group>"; };
		0124979C1BA9E7B1007CD98B /* RTRViewControllerContentHelpers.h */ = {isa = PBXFileReference; fileEncoding = 4; lastKnownFileType = sourcecode.c.h; path = RTRViewControllerContentHelpers.h; sourceTree = "<group>"; };
		0124979D1BA9E7B1007CD98B /* RTRViewControllerContentHelpers.m */ = {isa = PBXFileReference; fileEncoding = 4; lastKnownFileType = sourcecode.c.objc; path = RTRViewControllerContentHelpers.m; sourceTree = "<group>"; };
		012497A01BAA1FDE007CD98B /* RTRRouterDelegate.h */ = {isa = PBXFileReference; fileEncoding = 4; lastKnownFileType = sourcecode.c.h; path = RTRRouterDelegate.h; sourceTree = "<group>"; };
		012A87A41BB3791200C9679D /* RTRNodeDataStorage.h */ = {isa = PBXFileReference; fileEncoding = 4; lastKnownFileType = sourcecode.c.h; path = RTRNodeDataStorage.h; sourceTree = "<group>"; };
		012A87A51BB3791200C9679D /* RTRNodeDataStorage.m */ = {isa = PBXFileReference; fileEncoding = 4; lastKnownFileType = sourcecode.c.objc; path = RTRNodeDataStorage.m; sourceTree = "<group>"; };
		013176A11BC1F7650007668B /* RTRTarget.h */ = {isa = PBXFileReference; fileEncoding = 4; lastKnownFileType = sourcecode.c.h; path = RTRTarget.h; sourceTree = "<group>"; };
		013176A21BC1F7650007668B /* RTRTarget.m */ = {isa = PBXFileReference; fileEncoding = 4; lastKnownFileType = sourcecode.c.objc; path = RTRTarget.m; sourceTree = "<group>"; };
		013F68A31BA62BE900B5797B /* libRouter.a */ = {isa = PBXFileReference; explicitFileType = archive.ar; includeInIndex = 0; path = libRouter.a; sourceTree = BUILT_PRODUCTS_DIR; };
		0160A96B1BA742C90035A331 /* RTRStackNode.h */ = {isa = PBXFileReference; fileEncoding = 4; lastKnownFileType = sourcecode.c.h; path = RTRStackNode.h; sourceTree = "<group>"; };
		0160A96C1BA742C90035A331 /* RTRStackNode.m */ = {isa = PBXFileReference; fileEncoding = 4; lastKnownFileType = sourcecode.c.objc; path = RTRStackNode.m; sourceTree = "<group>"; };
		0160A96E1BA7434B0035A331 /* RTRNodeTree.h */ = {isa = PBXFileReference; fileEncoding = 4; lastKnownFileType = sourcecode.c.h; path = RTRNodeTree.h; sourceTree = "<group>"; };
		0160A96F1BA7434B0035A331 /* RTRNodeTree.m */ = {isa = PBXFileReference; fileEncoding = 4; lastKnownFileType = sourcecode.c.objc; path = RTRNodeTree.m; sourceTree = "<group>"; };
		0160A9741BA7479C0035A331 /* RTRTabNode.h */ = {isa = PBXFileReference; fileEncoding = 4; lastKnownFileType = sourcecode.c.h; path = RTRTabNode.h; sourceTree = "<group>"; };
		0160A9751BA7479C0035A331 /* RTRTabNode.m */ = {isa = PBXFileReference; fileEncoding = 4; lastKnownFileType = sourcecode.c.objc; path = RTRTabNode.m; sourceTree = "<group>"; };
		0160A9781BA780AD0035A331 /* RTRNodeContent.h */ = {isa = PBXFileReference; fileEncoding = 4; lastKnownFileType = sourcecode.c.h; path = RTRNodeContent.h; sourceTree = "<group>"; };
		0160A97B1BA782540035A331 /* RTRNode.h */ = {isa = PBXFileReference; fileEncoding = 4; lastKnownFileType = sourcecode.c.h; path = RTRNode.h; sourceTree = "<group>"; };
		0160A97C1BA782940035A331 /* RTRNodeState.h */ = {isa = PBXFileReference; fileEncoding = 4; lastKnownFileType = sourcecode.c.h; path = RTRNodeState.h; sourceTree = "<group>"; };
		0160A97D1BA782BA0035A331 /* RTRNodeChildrenState.h */ = {isa = PBXFileReference; fileEncoding = 4; lastKnownFileType = sourcecode.c.h; path = RTRNodeChildrenState.h; sourceTree = "<group>"; };
		0160A97E1BA782BA0035A331 /* RTRNodeChildrenState.m */ = {isa = PBXFileReference; fileEncoding = 4; lastKnownFileType = sourcecode.c.objc; path = RTRNodeChildrenState.m; sourceTree = "<group>"; };
		0160A9811BA78CAE0035A331 /* RTRNodeContentUpdateContext.h */ = {isa = PBXFileReference; fileEncoding = 4; lastKnownFileType = sourcecode.c.h; path = RTRNodeContentUpdateContext.h; sourceTree = "<group>"; };
		0160A9831BA78EAC0035A331 /* RTRNavigationControllerContent.h */ = {isa = PBXFileReference; fileEncoding = 4; lastKnownFileType = sourcecode.c.h; path = RTRNavigationControllerContent.h; sourceTree = "<group>"; };
		0160A9841BA78EAC0035A331 /* RTRNavigationControllerContent.m */ = {isa = PBXFileReference; fileEncoding = 4; lastKnownFileType = sourcecode.c.objc; path = RTRNavigationControllerContent.m; sourceTree = "<group>"; };
		0160A9871BA822170035A331 /* RTRCommand.h */ = {isa = PBXFileReference; fileEncoding = 4; lastKnownFileType = sourcecode.c.h; path = RTRCommand.h; sourceTree = "<group>"; };
		0160A9881BA8299A0035A331 /* RTRNodeContentFeedbackChannel.h */ = {isa = PBXFileReference; fileEncoding = 4; lastKnownFileType = sourcecode.c.h; path = RTRNodeContentFeedbackChannel.h; sourceTree = "<group>"; };
		017E5B231BC14DE300C6C831 /* RTRFreeStackNode.h */ = {isa = PBXFileReference; fileEncoding = 4; lastKnownFileType = sourcecode.c.h; path = RTRFreeStackNode.h; sourceTree = "<group>"; };
		017E5B241BC14DE300C6C831 /* RTRFreeStackNode.m */ = {isa = PBXFileReference; fileEncoding = 4; lastKnownFileType = sourcecode.c.objc; path = RTRFreeStackNode.m; sourceTree = "<group>"; };
		017E5B261BC1688400C6C831 /* UIViewController+RTRDismissalTracking.h */ = {isa = PBXFileReference; fileEncoding = 4; lastKnownFileType = sourcecode.c.h; path = "UIViewController+RTRDismissalTracking.h"; sourceTree = "<group>"; };
		017E5B271BC1688400C6C831 /* UIViewController+RTRDismissalTracking.m */ = {isa = PBXFileReference; fileEncoding = 4; lastKnownFileType = sourcecode.c.objc; path = "UIViewController+RTRDismissalTracking.m"; sourceTree = "<group>"; };
		0186CAF01BACC29E00B22431 /* RTRDescriptionHelpers.h */ = {isa = PBXFileReference; fileEncoding = 4; lastKnownFileType = sourcecode.c.h; path = RTRDescriptionHelpers.h; sourceTree = "<group>"; };
		0186CAF11BACC29E00B22431 /* RTRDescriptionHelpers.m */ = {isa = PBXFileReference; fileEncoding = 4; lastKnownFileType = sourcecode.c.objc; path = RTRDescriptionHelpers.m; sourceTree = "<group>"; };
		0186CAFD1BADF87F00B22431 /* RTRUpdateHandler.h */ = {isa = PBXFileReference; fileEncoding = 4; lastKnownFileType = sourcecode.c.h; path = RTRUpdateHandler.h; sourceTree = "<group>"; };
		0186CAFE1BADF93600B22431 /* RTRUpdateHandlerImpl.h */ = {isa = PBXFileReference; fileEncoding = 4; lastKnownFileType = sourcecode.c.h; path = RTRUpdateHandlerImpl.h; sourceTree = "<group>"; };
		0186CAFF1BADF93600B22431 /* RTRUpdateHandlerImpl.m */ = {isa = PBXFileReference; fileEncoding = 4; lastKnownFileType = sourcecode.c.objc; path = RTRUpdateHandlerImpl.m; sourceTree = "<group>"; };
		0186CB051BAE038600B22431 /* RTRTree.h */ = {isa = PBXFileReference; fileEncoding = 4; lastKnownFileType = sourcecode.c.h; path = RTRTree.h; sourceTree = "<group>"; };
		0186CB061BAE038600B22431 /* RTRTree.m */ = {isa = PBXFileReference; fileEncoding = 4; lastKnownFileType = sourcecode.c.objc; path = RTRTree.m; sourceTree = "<group>"; };
		0186CB081BAE0A1700B22431 /* RTRNodeForest.h */ = {isa = PBXFileReference; fileEncoding = 4; lastKnownFileType = sourcecode.c.h; path = RTRNodeForest.h; sourceTree = "<group>"; };
		0186CB091BAE0A1700B22431 /* RTRNodeForest.m */ = {isa = PBXFileReference; fileEncoding = 4; lastKnownFileType = sourcecode.c.objc; path = RTRNodeForest.m; sourceTree = "<group>"; };
		0186CB0B1BAE0C3200B22431 /* RTRStackNodeChildrenState.h */ = {isa = PBXFileReference; fileEncoding = 4; lastKnownFileType = sourcecode.c.h; path = RTRStackNodeChildrenState.h; sourceTree = "<group>"; };
		0186CB0C1BAE0C3200B22431 /* RTRStackNodeChildrenState.m */ = {isa = PBXFileReference; fileEncoding = 4; lastKnownFileType = sourcecode.c.objc; path = RTRStackNodeChildrenState.m; sourceTree = "<group>"; };
		01A01A621BA8373B00608274 /* RTRViewControllerContent.h */ = {isa = PBXFileReference; fileEncoding = 4; lastKnownFileType = sourcecode.c.h; path = RTRViewControllerContent.h; sourceTree = "<group>"; };
		01A01A631BA8373B00608274 /* RTRViewControllerContent.m */ = {isa = PBXFileReference; fileEncoding = 4; lastKnownFileType = sourcecode.c.objc; path = RTRViewControllerContent.m; sourceTree = "<group>"; };
		01A01A651BA837B100608274 /* RTRRouter.h */ = {isa = PBXFileReference; fileEncoding = 4; lastKnownFileType = sourcecode.c.h; path = RTRRouter.h; sourceTree = "<group>"; };
		01A01A661BA837B100608274 /* RTRRouter.m */ = {isa = PBXFileReference; fileEncoding = 4; lastKnownFileType = sourcecode.c.objc; path = RTRRouter.m; sourceTree = "<group>"; };
		01A01A701BA83B0B00608274 /* RTRGraph.h */ = {isa = PBXFileReference; fileEncoding = 4; lastKnownFileType = sourcecode.c.h; path = RTRGraph.h; sourceTree = "<group>"; };
		01A01A711BA83B0B00608274 /* RTRGraph.m */ = {isa = PBXFileReference; fileEncoding = 4; lastKnownFileType = sourcecode.c.objc; path = RTRGraph.m; sourceTree = "<group>"; };
		01A01A751BA83EA500608274 /* RTRCommandRegistry.h */ = {isa = PBXFileReference; fileEncoding = 4; lastKnownFileType = sourcecode.c.h; path = RTRCommandRegistry.h; sourceTree = "<group>"; };
		01A01A791BA8420000608274 /* RTRNodeContentProvider.h */ = {isa = PBXFileReference; fileEncoding = 4; lastKnownFileType = sourcecode.c.h; path = RTRNodeContentProvider.h; sourceTree = "<group>"; };
		01A01A7E1BA84D2500608274 /* RTRNodeData.h */ = {isa = PBXFileReference; fileEncoding = 4; lastKnownFileType = sourcecode.c.h; path = RTRNodeData.h; sourceTree = "<group>"; };
		01A01A7F1BA84D2500608274 /* RTRNodeData.m */ = {isa = PBXFileReference; fileEncoding = 4; lastKnownFileType = sourcecode.c.objc; path = RTRNodeData.m; sourceTree = "<group>"; };
		01A01A811BA869F200608274 /* RTRNodeContentUpdateContextImpl.h */ = {isa = PBXFileReference; fileEncoding = 4; lastKnownFileType = sourcecode.c.h; path = RTRNodeContentUpdateContextImpl.h; sourceTree = "<group>"; };
		01A01A821BA869F200608274 /* RTRNodeContentUpdateContextImpl.m */ = {isa = PBXFileReference; fileEncoding = 4; lastKnownFileType = sourcecode.c.objc; path = RTRNodeContentUpdateContextImpl.m; sourceTree = "<group>"; };
		01A01A951BA8790900608274 /* Router.h */ = {isa = PBXFileReference; lastKnownFileType = sourcecode.c.h; path = Router.h; sourceTree = "<group>"; };
		01A01A971BA8834500608274 /* RTRLeafNode.h */ = {isa = PBXFileReference; fileEncoding = 4; lastKnownFileType = sourcecode.c.h; path = RTRLeafNode.h; sourceTree = "<group>"; };
		01A01A981BA8834500608274 /* RTRLeafNode.m */ = {isa = PBXFileReference; fileEncoding = 4; lastKnownFileType = sourcecode.c.objc; path = RTRLeafNode.m; sourceTree = "<group>"; };
		01A01A9F1BA88B4000608274 /* RTRModalPresentationContent.h */ = {isa = PBXFileReference; fileEncoding = 4; lastKnownFileType = sourcecode.c.h; path = RTRModalPresentationContent.h; sourceTree = "<group>"; };
		01A01AA01BA88B4000608274 /* RTRModalPresentationContent.m */ = {isa = PBXFileReference; fileEncoding = 4; lastKnownFileType = sourcecode.c.objc; path = RTRModalPresentationContent.m; sourceTree = "<group>"; };
		01A01AA21BA8901100608274 /* RTRBasicNodeContentProvider.h */ = {isa = PBXFileReference; fileEncoding = 4; lastKnownFileType = sourcecode.c.h; path = RTRBasicNodeContentProvider.h; sourceTree = "<group>"; };
		01A01AA31BA8901100608274 /* RTRBasicNodeContentProvider.m */ = {isa = PBXFileReference; fileEncoding = 4; lastKnownFileType = sourcecode.c.objc; path = RTRBasicNodeContentProvider.m; sourceTree = "<group>"; };
		01A01AA61BA8E9FB00608274 /* RTRNodeContentFeedbackChannelImpl.h */ = {isa = PBXFileReference; fileEncoding = 4; lastKnownFileType = sourcecode.c.h; path = RTRNodeContentFeedbackChannelImpl.h; sourceTree = "<group>"; };
		01A01AA71BA8E9FB00608274 /* RTRNodeContentFeedbackChannelImpl.m */ = {isa = PBXFileReference; fileEncoding = 4; lastKnownFileType = sourcecode.c.objc; path = RTRNodeContentFeedbackChannelImpl.m; sourceTree = "<group>"; };
		01A01AAA1BA9743900608274 /* RTRCompositeNodeContent.h */ = {isa = PBXFileReference; fileEncoding = 4; lastKnownFileType = sourcecode.c.h; path = RTRCompositeNodeContent.h; sourceTree = "<group>"; };
		01A01AAB1BA9743900608274 /* RTRCompositeNodeContent.m */ = {isa = PBXFileReference; fileEncoding = 4; lastKnownFileType = sourcecode.c.objc; path = RTRCompositeNodeContent.m; sourceTree = "<group>"; };
		01A01AAF1BA97B7100608274 /* RTRCompositeNodeContentProvider.h */ = {isa = PBXFileReference; fileEncoding = 4; lastKnownFileType = sourcecode.c.h; path = RTRCompositeNodeContentProvider.h; sourceTree = "<group>"; };
		01A01AB01BA97B7100608274 /* RTRCompositeNodeContentProvider.m */ = {isa = PBXFileReference; fileEncoding = 4; lastKnownFileType = sourcecode.c.objc; path = RTRCompositeNodeContentProvider.m; sourceTree = "<group>"; };
		01C6F8CB1BB6D61D00A13C1E /* RTRTask.h */ = {isa = PBXFileReference; fileEncoding = 4; lastKnownFileType = sourcecode.c.h; path = RTRTask.h; sourceTree = "<group>"; };
		01C6F8CC1BB6D6F500A13C1E /* RTRTaskQueue.m */ = {isa = PBXFileReference; fileEncoding = 4; lastKnownFileType = sourcecode.c.objc; path = RTRTaskQueue.m; sourceTree = "<group>"; };
		01C6F8CE1BB6D8DD00A13C1E /* RTRBlockTask.h */ = {isa = PBXFileReference; fileEncoding = 4; lastKnownFileType = sourcecode.c.h; path = RTRBlockTask.h; sourceTree = "<group>"; };
		01C6F8CF1BB6D8DD00A13C1E /* RTRBlockTask.m */ = {isa = PBXFileReference; fileEncoding = 4; lastKnownFileType = sourcecode.c.objc; path = RTRBlockTask.m; sourceTree = "<group>"; };
		01C6F8D11BB6DE8000A13C1E /* RTRNodeUpdateTask.h */ = {isa = PBXFileReference; fileEncoding = 4; lastKnownFileType = sourcecode.c.h; path = RTRNodeUpdateTask.h; sourceTree = "<group>"; };
		01C6F8D21BB6DE8000A13C1E /* RTRNodeUpdateTask.m */ = {isa = PBXFileReference; fileEncoding = 4; lastKnownFileType = sourcecode.c.objc; path = RTRNodeUpdateTask.m; sourceTree = "<group>"; };
		01C6F8D51BB81FB700A13C1E /* RTRCommandNodeUpdateTask.h */ = {isa = PBXFileReference; fileEncoding = 4; lastKnownFileType = sourcecode.c.h; path = RTRCommandNodeUpdateTask.h; sourceTree = "<group>"; };
		01C6F8D61BB81FB700A13C1E /* RTRCommandNodeUpdateTask.m */ = {isa = PBXFileReference; fileEncoding = 4; lastKnownFileType = sourcecode.c.objc; path = RTRCommandNodeUpdateTask.m; sourceTree = "<group>"; };
		01C6F9021BBA063800A13C1E /* RTRContentFeedbackUpdateTask.h */ = {isa = PBXFileReference; fileEncoding = 4; lastKnownFileType = sourcecode.c.h; path = RTRContentFeedbackUpdateTask.h; sourceTree = "<group>"; };
		01C6F9031BBA063800A13C1E /* RTRContentFeedbackUpdateTask.m */ = {isa = PBXFileReference; fileEncoding = 4; lastKnownFileType = sourcecode.c.objc; path = RTRContentFeedbackUpdateTask.m; sourceTree = "<group>"; };
		01C6F90C1BBB1C7E00A13C1E /* RTRComponents.h */ = {isa = PBXFileReference; fileEncoding = 4; lastKnownFileType = sourcecode.c.h; path = RTRComponents.h; sourceTree = "<group>"; };
		01C6F90D1BBB1C7E00A13C1E /* RTRComponents.m */ = {isa = PBXFileReference; fileEncoding = 4; lastKnownFileType = sourcecode.c.objc; path = RTRComponents.m; sourceTree = "<group>"; };
		01E8BB951BC01318000405D2 /* RTRManualNodeUpdateTask.h */ = {isa = PBXFileReference; fileEncoding = 4; lastKnownFileType = sourcecode.c.h; path = RTRManualNodeUpdateTask.h; sourceTree = "<group>"; };
		01E8BB961BC01318000405D2 /* RTRManualNodeUpdateTask.m */ = {isa = PBXFileReference; fileEncoding = 4; lastKnownFileType = sourcecode.c.objc; path = RTRManualNodeUpdateTask.m; sourceTree = "<group>"; };
/* End PBXFileReference section */

/* Begin PBXFrameworksBuildPhase section */
		013F68A01BA62BE900B5797B /* Frameworks */ = {
			isa = PBXFrameworksBuildPhase;
			buildActionMask = 2147483647;
			files = (
			);
			runOnlyForDeploymentPostprocessing = 0;
		};
/* End PBXFrameworksBuildPhase section */

/* Begin PBXGroup section */
		0111CC211BAA46E500C19022 /* Update Oriented */ = {
			isa = PBXGroup;
			children = (
				0186CAFD1BADF87F00B22431 /* RTRUpdateHandler.h */,
				0186CAFE1BADF93600B22431 /* RTRUpdateHandlerImpl.h */,
				0186CAFF1BADF93600B22431 /* RTRUpdateHandlerImpl.m */,
				0111CC221BAA470D00C19022 /* RTRUpdateOrientedContent.h */,
				0111CC231BAA470D00C19022 /* RTRUpdateOrientedContent.m */,
			);
			name = "Update Oriented";
			sourceTree = "<group>";
		};
		0111CC281BAB025B00C19022 /* Basic */ = {
			isa = PBXGroup;
			children = (
				0111CC291BAB026B00C19022 /* RTRBasicCommandRegistry.h */,
				0111CC2A1BAB026B00C19022 /* RTRBasicCommandRegistry.m */,
			);
			name = Basic;
			sourceTree = "<group>";
		};
		0111CC371BAB95E500C19022 /* Misc */ = {
			isa = PBXGroup;
			children = (
				01C6F8CB1BB6D61D00A13C1E /* RTRTask.h */,
				0111CC391BAB963900C19022 /* RTRTaskQueue.h */,
				01C6F8CC1BB6D6F500A13C1E /* RTRTaskQueue.m */,
				0186CAF01BACC29E00B22431 /* RTRDescriptionHelpers.h */,
				0186CAF11BACC29E00B22431 /* RTRDescriptionHelpers.m */,
			);
			name = Misc;
			sourceTree = "<group>";
		};
		012356BE1BC0052B002DB75A /* Structures */ = {
			isa = PBXGroup;
			children = (
				0186CB051BAE038600B22431 /* RTRTree.h */,
				0186CB061BAE038600B22431 /* RTRTree.m */,
				0160A96E1BA7434B0035A331 /* RTRNodeTree.h */,
				0160A96F1BA7434B0035A331 /* RTRNodeTree.m */,
				0186CB081BAE0A1700B22431 /* RTRNodeForest.h */,
				0186CB091BAE0A1700B22431 /* RTRNodeForest.m */,
			);
			name = Structures;
			sourceTree = "<group>";
		};
		0124979F1BA9E825007CD98B /* Helpers */ = {
			isa = PBXGroup;
			children = (
				0124979C1BA9E7B1007CD98B /* RTRViewControllerContentHelpers.h */,
				0124979D1BA9E7B1007CD98B /* RTRViewControllerContentHelpers.m */,
				017E5B261BC1688400C6C831 /* UIViewController+RTRDismissalTracking.h */,
				017E5B271BC1688400C6C831 /* UIViewController+RTRDismissalTracking.m */,
			);
			name = Helpers;
			sourceTree = "<group>";
		};
		013F689A1BA62BE900B5797B = {
			isa = PBXGroup;
			children = (
				013F68A51BA62BE900B5797B /* Router */,
				013F68A41BA62BE900B5797B /* Products */,
			);
			sourceTree = "<group>";
		};
		013F68A41BA62BE900B5797B /* Products */ = {
			isa = PBXGroup;
			children = (
				013F68A31BA62BE900B5797B /* libRouter.a */,
			);
			name = Products;
			sourceTree = "<group>";
		};
		013F68A51BA62BE900B5797B /* Router */ = {
			isa = PBXGroup;
			children = (
				0160A9651BA740480035A331 /* Node */,
				0160A9771BA76CE70035A331 /* Node Content */,
				01A01A781BA841DB00608274 /* Node Content Provider */,
				0160A9861BA821E10035A331 /* Command */,
				01A01AA51BA8927500608274 /* Command Registry */,
				0111CC371BAB95E500C19022 /* Misc */,
				01A01A7A1BA8428B00608274 /* Internals */,
				01A01A951BA8790900608274 /* Router.h */,
				01A01A651BA837B100608274 /* RTRRouter.h */,
				01A01A661BA837B100608274 /* RTRRouter.m */,
				012497A01BAA1FDE007CD98B /* RTRRouterDelegate.h */,
			);
			path = Router;
			sourceTree = "<group>";
		};
		0160A9651BA740480035A331 /* Node */ = {
			isa = PBXGroup;
			children = (
				012356BE1BC0052B002DB75A /* Structures */,
				01A01A961BA882F900608274 /* Leaf */,
				0160A9681BA7416C0035A331 /* Stack */,
				017E5B221BC14DB800C6C831 /* Free Stack */,
				0160A96A1BA7418B0035A331 /* Tab */,
				0160A97B1BA782540035A331 /* RTRNode.h */,
				0160A97C1BA782940035A331 /* RTRNodeState.h */,
				0160A97D1BA782BA0035A331 /* RTRNodeChildrenState.h */,
				0160A97E1BA782BA0035A331 /* RTRNodeChildrenState.m */,
				013176A11BC1F7650007668B /* RTRTarget.h */,
				013176A21BC1F7650007668B /* RTRTarget.m */,
			);
			name = Node;
			sourceTree = "<group>";
		};
		0160A9681BA7416C0035A331 /* Stack */ = {
			isa = PBXGroup;
			children = (
				0160A96B1BA742C90035A331 /* RTRStackNode.h */,
				0160A96C1BA742C90035A331 /* RTRStackNode.m */,
				0186CB0B1BAE0C3200B22431 /* RTRStackNodeChildrenState.h */,
				0186CB0C1BAE0C3200B22431 /* RTRStackNodeChildrenState.m */,
			);
			name = Stack;
			sourceTree = "<group>";
		};
		0160A96A1BA7418B0035A331 /* Tab */ = {
			isa = PBXGroup;
			children = (
				0160A9741BA7479C0035A331 /* RTRTabNode.h */,
				0160A9751BA7479C0035A331 /* RTRTabNode.m */,
			);
			name = Tab;
			sourceTree = "<group>";
		};
		0160A9771BA76CE70035A331 /* Node Content */ = {
			isa = PBXGroup;
			children = (
				0160A9821BA78DE00035A331 /* View Controllers */,
				0111CC211BAA46E500C19022 /* Update Oriented */,
				0160A9781BA780AD0035A331 /* RTRNodeContent.h */,
				0160A9811BA78CAE0035A331 /* RTRNodeContentUpdateContext.h */,
				0160A9881BA8299A0035A331 /* RTRNodeContentFeedbackChannel.h */,
			);
			name = "Node Content";
			sourceTree = "<group>";
		};
		0160A9821BA78DE00035A331 /* View Controllers */ = {
			isa = PBXGroup;
			children = (
				0124979F1BA9E825007CD98B /* Helpers */,
				01A01A621BA8373B00608274 /* RTRViewControllerContent.h */,
				01A01A631BA8373B00608274 /* RTRViewControllerContent.m */,
				0160A9831BA78EAC0035A331 /* RTRNavigationControllerContent.h */,
				0160A9841BA78EAC0035A331 /* RTRNavigationControllerContent.m */,
				012497961BA9D92E007CD98B /* RTRTabBarControllerContent.h */,
				012497971BA9D92E007CD98B /* RTRTabBarControllerContent.m */,
				01A01A9F1BA88B4000608274 /* RTRModalPresentationContent.h */,
				01A01AA01BA88B4000608274 /* RTRModalPresentationContent.m */,
			);
			name = "View Controllers";
			sourceTree = "<group>";
		};
		0160A9861BA821E10035A331 /* Command */ = {
			isa = PBXGroup;
			children = (
				0160A9871BA822170035A331 /* RTRCommand.h */,
			);
			name = Command;
			sourceTree = "<group>";
		};
		017E5B221BC14DB800C6C831 /* Free Stack */ = {
			isa = PBXGroup;
			children = (
				017E5B231BC14DE300C6C831 /* RTRFreeStackNode.h */,
				017E5B241BC14DE300C6C831 /* RTRFreeStackNode.m */,
			);
			name = "Free Stack";
			sourceTree = "<group>";
		};
		01A01A781BA841DB00608274 /* Node Content Provider */ = {
			isa = PBXGroup;
			children = (
				01A01AAD1BA97B3B00608274 /* Basic */,
				01A01AAE1BA97B4500608274 /* Composite */,
				01A01A791BA8420000608274 /* RTRNodeContentProvider.h */,
			);
			name = "Node Content Provider";
			sourceTree = "<group>";
		};
		01A01A7A1BA8428B00608274 /* Internals */ = {
			isa = PBXGroup;
			children = (
				01C6F8E01BB8AC1300A13C1E /* Node Management */,
				01C6F8DE1BB8ABF700A13C1E /* Tasks */,
				01C6F8DF1BB8AC0200A13C1E /* Implementations */,
			);
			name = Internals;
			sourceTree = "<group>";
		};
		01A01A961BA882F900608274 /* Leaf */ = {
			isa = PBXGroup;
			children = (
				01A01A971BA8834500608274 /* RTRLeafNode.h */,
				01A01A981BA8834500608274 /* RTRLeafNode.m */,
			);
			name = Leaf;
			sourceTree = "<group>";
		};
		01A01AA51BA8927500608274 /* Command Registry */ = {
			isa = PBXGroup;
			children = (
				0111CC281BAB025B00C19022 /* Basic */,
				01A01A751BA83EA500608274 /* RTRCommandRegistry.h */,
			);
			name = "Command Registry";
			sourceTree = "<group>";
		};
		01A01AAD1BA97B3B00608274 /* Basic */ = {
			isa = PBXGroup;
			children = (
				01A01AA21BA8901100608274 /* RTRBasicNodeContentProvider.h */,
				01A01AA31BA8901100608274 /* RTRBasicNodeContentProvider.m */,
			);
			name = Basic;
			sourceTree = "<group>";
		};
		01A01AAE1BA97B4500608274 /* Composite */ = {
			isa = PBXGroup;
			children = (
				01A01AAF1BA97B7100608274 /* RTRCompositeNodeContentProvider.h */,
				01A01AB01BA97B7100608274 /* RTRCompositeNodeContentProvider.m */,
				01A01AAA1BA9743900608274 /* RTRCompositeNodeContent.h */,
				01A01AAB1BA9743900608274 /* RTRCompositeNodeContent.m */,
			);
			name = Composite;
			sourceTree = "<group>";
		};
		01C6F8DE1BB8ABF700A13C1E /* Tasks */ = {
			isa = PBXGroup;
			children = (
				01C6F8CE1BB6D8DD00A13C1E /* RTRBlockTask.h */,
				01C6F8CF1BB6D8DD00A13C1E /* RTRBlockTask.m */,
				01C6F8D11BB6DE8000A13C1E /* RTRNodeUpdateTask.h */,
				01C6F8D21BB6DE8000A13C1E /* RTRNodeUpdateTask.m */,
				01C6F8D51BB81FB700A13C1E /* RTRCommandNodeUpdateTask.h */,
				01C6F8D61BB81FB700A13C1E /* RTRCommandNodeUpdateTask.m */,
				01E8BB951BC01318000405D2 /* RTRManualNodeUpdateTask.h */,
				01E8BB961BC01318000405D2 /* RTRManualNodeUpdateTask.m */,
				01C6F9021BBA063800A13C1E /* RTRContentFeedbackUpdateTask.h */,
				01C6F9031BBA063800A13C1E /* RTRContentFeedbackUpdateTask.m */,
			);
			name = Tasks;
			sourceTree = "<group>";
		};
		01C6F8DF1BB8AC0200A13C1E /* Implementations */ = {
			isa = PBXGroup;
			children = (
				01A01A811BA869F200608274 /* RTRNodeContentUpdateContextImpl.h */,
				01A01A821BA869F200608274 /* RTRNodeContentUpdateContextImpl.m */,
				01A01AA61BA8E9FB00608274 /* RTRNodeContentFeedbackChannelImpl.h */,
				01A01AA71BA8E9FB00608274 /* RTRNodeContentFeedbackChannelImpl.m */,
			);
			name = Implementations;
			sourceTree = "<group>";
		};
		01C6F8E01BB8AC1300A13C1E /* Node Management */ = {
			isa = PBXGroup;
			children = (
				01A01A701BA83B0B00608274 /* RTRGraph.h */,
				01A01A711BA83B0B00608274 /* RTRGraph.m */,
				01A01A7E1BA84D2500608274 /* RTRNodeData.h */,
				01A01A7F1BA84D2500608274 /* RTRNodeData.m */,
				012A87A41BB3791200C9679D /* RTRNodeDataStorage.h */,
				012A87A51BB3791200C9679D /* RTRNodeDataStorage.m */,
				01C6F90C1BBB1C7E00A13C1E /* RTRComponents.h */,
				01C6F90D1BBB1C7E00A13C1E /* RTRComponents.m */,
			);
			name = "Node Management";
			sourceTree = "<group>";
		};
/* End PBXGroup section */

/* Begin PBXNativeTarget section */
		013F68A21BA62BE900B5797B /* Router */ = {
			isa = PBXNativeTarget;
			buildConfigurationList = 013F68AC1BA62BE900B5797B /* Build configuration list for PBXNativeTarget "Router" */;
			buildPhases = (
				013F689F1BA62BE900B5797B /* Sources */,
				013F68A01BA62BE900B5797B /* Frameworks */,
				013F68A11BA62BE900B5797B /* CopyFiles */,
			);
			buildRules = (
			);
			dependencies = (
			);
			name = Router;
			productName = Router;
			productReference = 013F68A31BA62BE900B5797B /* libRouter.a */;
			productType = "com.apple.product-type.library.static";
		};
/* End PBXNativeTarget section */

/* Begin PBXProject section */
		013F689B1BA62BE900B5797B /* Project object */ = {
			isa = PBXProject;
			attributes = {
				CLASSPREFIX = RTR;
				LastUpgradeCheck = 0710;
				ORGANIZATIONNAME = Pixty;
				TargetAttributes = {
					013F68A21BA62BE900B5797B = {
						CreatedOnToolsVersion = 7.1;
					};
				};
			};
			buildConfigurationList = 013F689E1BA62BE900B5797B /* Build configuration list for PBXProject "Router" */;
			compatibilityVersion = "Xcode 3.2";
			developmentRegion = English;
			hasScannedForEncodings = 0;
			knownRegions = (
				en,
			);
			mainGroup = 013F689A1BA62BE900B5797B;
			productRefGroup = 013F68A41BA62BE900B5797B /* Products */;
			projectDirPath = "";
			projectRoot = "";
			targets = (
				013F68A21BA62BE900B5797B /* Router */,
			);
		};
/* End PBXProject section */

/* Begin PBXSourcesBuildPhase section */
		013F689F1BA62BE900B5797B /* Sources */ = {
			isa = PBXSourcesBuildPhase;
			buildActionMask = 2147483647;
			files = (
				0186CB071BAE038600B22431 /* RTRTree.m in Sources */,
				0186CB001BADF93600B22431 /* RTRUpdateHandlerImpl.m in Sources */,
				017E5B251BC14DE300C6C831 /* RTRFreeStackNode.m in Sources */,
				0160A9701BA7434B0035A331 /* RTRNodeTree.m in Sources */,
				01A01AB11BA97B7100608274 /* RTRCompositeNodeContentProvider.m in Sources */,
				01C6F8D01BB6D8DD00A13C1E /* RTRBlockTask.m in Sources */,
				0186CB0A1BAE0A1700B22431 /* RTRNodeForest.m in Sources */,
				01C6F9041BBA063800A13C1E /* RTRContentFeedbackUpdateTask.m in Sources */,
				01C6F8D71BB81FB700A13C1E /* RTRCommandNodeUpdateTask.m in Sources */,
				0160A9761BA7479C0035A331 /* RTRTabNode.m in Sources */,
				0124979E1BA9E7B1007CD98B /* RTRViewControllerContentHelpers.m in Sources */,
				0160A96D1BA742C90035A331 /* RTRStackNode.m in Sources */,
				0186CAF21BACC29E00B22431 /* RTRDescriptionHelpers.m in Sources */,
				0111CC2B1BAB026B00C19022 /* RTRBasicCommandRegistry.m in Sources */,
				0186CB0D1BAE0C3200B22431 /* RTRStackNodeChildrenState.m in Sources */,
				01A01A721BA83B0B00608274 /* RTRGraph.m in Sources */,
				0160A9851BA78EAC0035A331 /* RTRNavigationControllerContent.m in Sources */,
				01A01A641BA8373B00608274 /* RTRViewControllerContent.m in Sources */,
				012497981BA9D92E007CD98B /* RTRTabBarControllerContent.m in Sources */,
				0111CC241BAA470D00C19022 /* RTRUpdateOrientedContent.m in Sources */,
				0160A97F1BA782BA0035A331 /* RTRNodeChildrenState.m in Sources */,
				01C6F90E1BBB1C7E00A13C1E /* RTRComponents.m in Sources */,
				01C6F8CD1BB6D6F500A13C1E /* RTRTaskQueue.m in Sources */,
				01A01AA11BA88B4000608274 /* RTRModalPresentationContent.m in Sources */,
				01E8BB971BC01318000405D2 /* RTRManualNodeUpdateTask.m in Sources */,
				013176A31BC1F7650007668B /* RTRTarget.m in Sources */,
				01A01AAC1BA9743900608274 /* RTRCompositeNodeContent.m in Sources */,
				01A01A831BA869F200608274 /* RTRNodeContentUpdateContextImpl.m in Sources */,
				012A87A61BB3791200C9679D /* RTRNodeDataStorage.m in Sources */,
				01A01A801BA84D2500608274 /* RTRNodeData.m in Sources */,
				01A01A991BA8834500608274 /* RTRLeafNode.m in Sources */,
				01C6F8D31BB6DE8000A13C1E /* RTRNodeUpdateTask.m in Sources */,
				01A01AA81BA8E9FB00608274 /* RTRNodeContentFeedbackChannelImpl.m in Sources */,
				01A01A671BA837B100608274 /* RTRRouter.m in Sources */,
				017E5B281BC1688400C6C831 /* UIViewController+RTRDismissalTracking.m in Sources */,
				01A01AA41BA8901100608274 /* RTRBasicNodeContentProvider.m in Sources */,
			);
			runOnlyForDeploymentPostprocessing = 0;
		};
/* End PBXSourcesBuildPhase section */

/* Begin XCBuildConfiguration section */
		013F68AA1BA62BE900B5797B /* Debug */ = {
			isa = XCBuildConfiguration;
			buildSettings = {
				ALWAYS_SEARCH_USER_PATHS = NO;
				CLANG_CXX_LANGUAGE_STANDARD = "gnu++0x";
				CLANG_CXX_LIBRARY = "libc++";
				CLANG_ENABLE_MODULES = YES;
				CLANG_ENABLE_OBJC_ARC = YES;
				CLANG_WARN_BOOL_CONVERSION = YES;
				CLANG_WARN_CONSTANT_CONVERSION = YES;
				CLANG_WARN_DIRECT_OBJC_ISA_USAGE = YES_ERROR;
				CLANG_WARN_EMPTY_BODY = YES;
				CLANG_WARN_ENUM_CONVERSION = YES;
				CLANG_WARN_INT_CONVERSION = YES;
				CLANG_WARN_OBJC_ROOT_CLASS = YES_ERROR;
				CLANG_WARN_UNREACHABLE_CODE = YES;
				CLANG_WARN__DUPLICATE_METHOD_MATCH = YES;
				"CODE_SIGN_IDENTITY[sdk=iphoneos*]" = "iPhone Developer";
				COPY_PHASE_STRIP = NO;
				DEBUG_INFORMATION_FORMAT = dwarf;
				ENABLE_STRICT_OBJC_MSGSEND = YES;
				ENABLE_TESTABILITY = YES;
				GCC_C_LANGUAGE_STANDARD = gnu99;
				GCC_DYNAMIC_NO_PIC = NO;
				GCC_NO_COMMON_BLOCKS = YES;
				GCC_OPTIMIZATION_LEVEL = 0;
				GCC_PREPROCESSOR_DEFINITIONS = (
					"DEBUG=1",
					"$(inherited)",
				);
				GCC_WARN_64_TO_32_BIT_CONVERSION = YES;
				GCC_WARN_ABOUT_RETURN_TYPE = YES_ERROR;
				GCC_WARN_UNDECLARED_SELECTOR = YES;
				GCC_WARN_UNINITIALIZED_AUTOS = YES_AGGRESSIVE;
				GCC_WARN_UNUSED_FUNCTION = YES;
				GCC_WARN_UNUSED_VARIABLE = YES;
				IPHONEOS_DEPLOYMENT_TARGET = 8.0;
				MTL_ENABLE_DEBUG_INFO = YES;
				ONLY_ACTIVE_ARCH = YES;
				SDKROOT = iphoneos;
			};
			name = Debug;
		};
		013F68AB1BA62BE900B5797B /* Release */ = {
			isa = XCBuildConfiguration;
			buildSettings = {
				ALWAYS_SEARCH_USER_PATHS = NO;
				CLANG_CXX_LANGUAGE_STANDARD = "gnu++0x";
				CLANG_CXX_LIBRARY = "libc++";
				CLANG_ENABLE_MODULES = YES;
				CLANG_ENABLE_OBJC_ARC = YES;
				CLANG_WARN_BOOL_CONVERSION = YES;
				CLANG_WARN_CONSTANT_CONVERSION = YES;
				CLANG_WARN_DIRECT_OBJC_ISA_USAGE = YES_ERROR;
				CLANG_WARN_EMPTY_BODY = YES;
				CLANG_WARN_ENUM_CONVERSION = YES;
				CLANG_WARN_INT_CONVERSION = YES;
				CLANG_WARN_OBJC_ROOT_CLASS = YES_ERROR;
				CLANG_WARN_UNREACHABLE_CODE = YES;
				CLANG_WARN__DUPLICATE_METHOD_MATCH = YES;
				"CODE_SIGN_IDENTITY[sdk=iphoneos*]" = "iPhone Developer";
				COPY_PHASE_STRIP = NO;
				DEBUG_INFORMATION_FORMAT = "dwarf-with-dsym";
				ENABLE_NS_ASSERTIONS = NO;
				ENABLE_STRICT_OBJC_MSGSEND = YES;
				GCC_C_LANGUAGE_STANDARD = gnu99;
				GCC_NO_COMMON_BLOCKS = YES;
				GCC_WARN_64_TO_32_BIT_CONVERSION = YES;
				GCC_WARN_ABOUT_RETURN_TYPE = YES_ERROR;
				GCC_WARN_UNDECLARED_SELECTOR = YES;
				GCC_WARN_UNINITIALIZED_AUTOS = YES_AGGRESSIVE;
				GCC_WARN_UNUSED_FUNCTION = YES;
				GCC_WARN_UNUSED_VARIABLE = YES;
				IPHONEOS_DEPLOYMENT_TARGET = 8.0;
				MTL_ENABLE_DEBUG_INFO = NO;
				SDKROOT = iphoneos;
				VALIDATE_PRODUCT = YES;
			};
			name = Release;
		};
		013F68AD1BA62BE900B5797B /* Debug */ = {
			isa = XCBuildConfiguration;
			buildSettings = {
				OTHER_LDFLAGS = "-ObjC";
				PRODUCT_NAME = "$(TARGET_NAME)";
				SKIP_INSTALL = YES;
			};
			name = Debug;
		};
		013F68AE1BA62BE900B5797B /* Release */ = {
			isa = XCBuildConfiguration;
			buildSettings = {
				OTHER_LDFLAGS = "-ObjC";
				PRODUCT_NAME = "$(TARGET_NAME)";
				SKIP_INSTALL = YES;
			};
			name = Release;
		};
/* End XCBuildConfiguration section */

/* Begin XCConfigurationList section */
		013F689E1BA62BE900B5797B /* Build configuration list for PBXProject "Router" */ = {
			isa = XCConfigurationList;
			buildConfigurations = (
				013F68AA1BA62BE900B5797B /* Debug */,
				013F68AB1BA62BE900B5797B /* Release */,
			);
			defaultConfigurationIsVisible = 0;
			defaultConfigurationName = Release;
		};
		013F68AC1BA62BE900B5797B /* Build configuration list for PBXNativeTarget "Router" */ = {
			isa = XCConfigurationList;
			buildConfigurations = (
				013F68AD1BA62BE900B5797B /* Debug */,
				013F68AE1BA62BE900B5797B /* Release */,
			);
			defaultConfigurationIsVisible = 0;
			defaultConfigurationName = Release;
		};
/* End XCConfigurationList section */
	};
	rootObject = 013F689B1BA62BE900B5797B /* Project object */;
}
