// !$*UTF8*$!
{
	archiveVersion = 1;
	classes = {
	};
	objectVersion = 46;
	objects = {

/* Begin PBXBuildFile section */
		012A953D1C4EFD5E000A4ECB /* Lighthouse.h in Headers */ = {isa = PBXBuildFile; fileRef = 012A953C1C4EFD5E000A4ECB /* Lighthouse.h */; settings = {ATTRIBUTES = (Public, ); }; };
		012A95441C4EFD5E000A4ECB /* Lighthouse.framework in Frameworks */ = {isa = PBXBuildFile; fileRef = 012A953A1C4EFD5E000A4ECB /* Lighthouse.framework */; };
		012A95491C4EFD5E000A4ECB /* LighthouseTests.m in Sources */ = {isa = PBXBuildFile; fileRef = 012A95481C4EFD5E000A4ECB /* LighthouseTests.m */; };
		012A95511C4EFD9A000A4ECB /* LHRouter.m in Sources */ = {isa = PBXBuildFile; fileRef = 01A01A661BA837B100608274 /* LHRouter.m */; };
		012A95521C4EFD9A000A4ECB /* LHTree.m in Sources */ = {isa = PBXBuildFile; fileRef = 0186CB061BAE038600B22431 /* LHTree.m */; };
		012A95531C4EFD9A000A4ECB /* LHNodeTree.m in Sources */ = {isa = PBXBuildFile; fileRef = 0160A96F1BA7434B0035A331 /* LHNodeTree.m */; };
		012A95541C4EFD9A000A4ECB /* LHNodeForest.m in Sources */ = {isa = PBXBuildFile; fileRef = 0186CB091BAE0A1700B22431 /* LHNodeForest.m */; };
		012A95551C4EFD9A000A4ECB /* LHLeafNode.m in Sources */ = {isa = PBXBuildFile; fileRef = 01A01A981BA8834500608274 /* LHLeafNode.m */; };
		012A95561C4EFD9A000A4ECB /* LHStackNode.m in Sources */ = {isa = PBXBuildFile; fileRef = 0160A96C1BA742C90035A331 /* LHStackNode.m */; };
		012A95571C4EFD9A000A4ECB /* LHStackNodeChildrenState.m in Sources */ = {isa = PBXBuildFile; fileRef = 0186CB0C1BAE0C3200B22431 /* LHStackNodeChildrenState.m */; };
		012A95591C4EFD9A000A4ECB /* LHTabNode.m in Sources */ = {isa = PBXBuildFile; fileRef = 0160A9751BA7479C0035A331 /* LHTabNode.m */; };
		012A955B1C4EFD9A000A4ECB /* LHTarget.m in Sources */ = {isa = PBXBuildFile; fileRef = 013176A21BC1F7650007668B /* LHTarget.m */; };
		012A955C1C4EFD9A000A4ECB /* LHViewControllerDriverHelpers.m in Sources */ = {isa = PBXBuildFile; fileRef = 0124979D1BA9E7B1007CD98B /* LHViewControllerDriverHelpers.m */; };
		012A955D1C4EFD9A000A4ECB /* UIViewController+LHDismissalTracking.m in Sources */ = {isa = PBXBuildFile; fileRef = 017E5B271BC1688400C6C831 /* UIViewController+LHDismissalTracking.m */; };
		012A955E1C4EFD9A000A4ECB /* LHViewControllerDriver.m in Sources */ = {isa = PBXBuildFile; fileRef = 01A01A631BA8373B00608274 /* LHViewControllerDriver.m */; };
		012A955F1C4EFD9A000A4ECB /* LHNavigationControllerDriver.m in Sources */ = {isa = PBXBuildFile; fileRef = 0160A9841BA78EAC0035A331 /* LHNavigationControllerDriver.m */; };
		012A95601C4EFD9A000A4ECB /* LHTabBarControllerDriver.m in Sources */ = {isa = PBXBuildFile; fileRef = 012497971BA9D92E007CD98B /* LHTabBarControllerDriver.m */; };
		012A95611C4EFD9A000A4ECB /* LHWindowDriver.m in Sources */ = {isa = PBXBuildFile; fileRef = 01A01AA01BA88B4000608274 /* LHWindowDriver.m */; };
		012A95621C4EFD9A000A4ECB /* LHUpdateHandlerDriver.m in Sources */ = {isa = PBXBuildFile; fileRef = 0111CC231BAA470D00C19022 /* LHUpdateHandlerDriver.m */; };
		012A95631C4EFD9A000A4ECB /* LHBlockDriverFactory.m in Sources */ = {isa = PBXBuildFile; fileRef = 01A01AA31BA8901100608274 /* LHBlockDriverFactory.m */; };
		012A95641C4EFD9A000A4ECB /* LHCompositeDriverFactory.m in Sources */ = {isa = PBXBuildFile; fileRef = 01A01AB01BA97B7100608274 /* LHCompositeDriverFactory.m */; };
		012A95651C4EFD9A000A4ECB /* LHCompositeDriver.m in Sources */ = {isa = PBXBuildFile; fileRef = 01A01AAB1BA9743900608274 /* LHCompositeDriver.m */; };
		012A95661C4EFD9A000A4ECB /* LHBasicCommandRegistry.m in Sources */ = {isa = PBXBuildFile; fileRef = 0111CC2A1BAB026B00C19022 /* LHBasicCommandRegistry.m */; };
		012A95681C4EFD9A000A4ECB /* LHDescriptionHelpers.m in Sources */ = {isa = PBXBuildFile; fileRef = 0186CAF11BACC29E00B22431 /* LHDescriptionHelpers.m */; };
		012A956A1C4EFD9A000A4ECB /* LHNodeData.m in Sources */ = {isa = PBXBuildFile; fileRef = 01A01A7F1BA84D2500608274 /* LHNodeData.m */; };
		012A956B1C4EFD9A000A4ECB /* LHNodeDataStorage.m in Sources */ = {isa = PBXBuildFile; fileRef = 012A87A51BB3791200C9679D /* LHNodeDataStorage.m */; };
		012A956C1C4EFD9A000A4ECB /* LHComponents.m in Sources */ = {isa = PBXBuildFile; fileRef = 01C6F90D1BBB1C7E00A13C1E /* LHComponents.m */; };
		012A956D1C4EFD9A000A4ECB /* LHBlockTask.m in Sources */ = {isa = PBXBuildFile; fileRef = 01C6F8CF1BB6D8DD00A13C1E /* LHBlockTask.m */; };
		012A956E1C4EFD9A000A4ECB /* LHNodeUpdateTask.m in Sources */ = {isa = PBXBuildFile; fileRef = 01C6F8D21BB6DE8000A13C1E /* LHNodeUpdateTask.m */; };
		012A956F1C4EFD9A000A4ECB /* LHCommandNodeUpdateTask.m in Sources */ = {isa = PBXBuildFile; fileRef = 01C6F8D61BB81FB700A13C1E /* LHCommandNodeUpdateTask.m */; };
		012A95701C4EFD9A000A4ECB /* LHManualNodeUpdateTask.m in Sources */ = {isa = PBXBuildFile; fileRef = 01E8BB961BC01318000405D2 /* LHManualNodeUpdateTask.m */; };
		012A95711C4EFD9A000A4ECB /* LHDriverFeedbackUpdateTask.m in Sources */ = {isa = PBXBuildFile; fileRef = 01C6F9031BBA063800A13C1E /* LHDriverFeedbackUpdateTask.m */; };
		012A95731C4EFD9A000A4ECB /* LHDriverChannelImpl.m in Sources */ = {isa = PBXBuildFile; fileRef = 01A01AA71BA8E9FB00608274 /* LHDriverChannelImpl.m */; };
		012A95741C4EFD9A000A4ECB /* LHUpdateBusImpl.m in Sources */ = {isa = PBXBuildFile; fileRef = 012A95331C4EF2E9000A4ECB /* LHUpdateBusImpl.m */; };
		014C9F091C9620AF00D35950 /* LHRouterResumeToken.h in Headers */ = {isa = PBXBuildFile; fileRef = 014C9F081C9620AF00D35950 /* LHRouterResumeToken.h */; settings = {ATTRIBUTES = (Public, ); }; };
		014C9F0C1C96E98E00D35950 /* LHTaskQueueImpl.h in Headers */ = {isa = PBXBuildFile; fileRef = 014C9F0A1C96E98E00D35950 /* LHTaskQueueImpl.h */; };
		014C9F0D1C96E98E00D35950 /* LHTaskQueueImpl.m in Sources */ = {isa = PBXBuildFile; fileRef = 014C9F0B1C96E98E00D35950 /* LHTaskQueueImpl.m */; };
		014C9F101C96EF0B00D35950 /* LHRouterResumeTokenImpl.h in Headers */ = {isa = PBXBuildFile; fileRef = 014C9F0E1C96EF0B00D35950 /* LHRouterResumeTokenImpl.h */; };
		014C9F111C96EF0B00D35950 /* LHRouterResumeTokenImpl.m in Sources */ = {isa = PBXBuildFile; fileRef = 014C9F0F1C96EF0B00D35950 /* LHRouterResumeTokenImpl.m */; };
		014C9F151C96F94E00D35950 /* LHMacro.h in Headers */ = {isa = PBXBuildFile; fileRef = 014C9F141C96F94E00D35950 /* LHMacro.h */; };
		015A4F811C663F0500F950B3 /* LHContainerTransitionStyle.h in Headers */ = {isa = PBXBuildFile; fileRef = 015A4F801C663F0500F950B3 /* LHContainerTransitionStyle.h */; settings = {ATTRIBUTES = (Public, ); }; };
		015A4F871C664BF200F950B3 /* LHModalTransitionStyle.h in Headers */ = {isa = PBXBuildFile; fileRef = 015A4F861C664BF200F950B3 /* LHModalTransitionStyle.h */; settings = {ATTRIBUTES = (Public, ); }; };
		015A4F8E1C66950E00F950B3 /* LHTransitionStyleRegistry.h in Headers */ = {isa = PBXBuildFile; fileRef = 015A4F8C1C66950E00F950B3 /* LHTransitionStyleRegistry.h */; settings = {ATTRIBUTES = (Public, ); }; };
		015A4F8F1C66950E00F950B3 /* LHTransitionStyleRegistry.m in Sources */ = {isa = PBXBuildFile; fileRef = 015A4F8D1C66950E00F950B3 /* LHTransitionStyleRegistry.m */; };
		015A4F921C67014F00F950B3 /* LHContainerTransitionStyleRegistry.h in Headers */ = {isa = PBXBuildFile; fileRef = 015A4F901C67014F00F950B3 /* LHContainerTransitionStyleRegistry.h */; settings = {ATTRIBUTES = (Public, ); }; };
		015A4F931C67014F00F950B3 /* LHContainerTransitionStyleRegistry.m in Sources */ = {isa = PBXBuildFile; fileRef = 015A4F911C67014F00F950B3 /* LHContainerTransitionStyleRegistry.m */; };
		015A4F961C67018E00F950B3 /* LHModalTransitionStyleRegistry.h in Headers */ = {isa = PBXBuildFile; fileRef = 015A4F941C67018E00F950B3 /* LHModalTransitionStyleRegistry.h */; settings = {ATTRIBUTES = (Public, ); }; };
		015A4F971C67018E00F950B3 /* LHModalTransitionStyleRegistry.m in Sources */ = {isa = PBXBuildFile; fileRef = 015A4F951C67018E00F950B3 /* LHModalTransitionStyleRegistry.m */; };
		015A4F9B1C67A49400F950B3 /* LHModalTransitionData.h in Headers */ = {isa = PBXBuildFile; fileRef = 015A4F991C67A49400F950B3 /* LHModalTransitionData.h */; settings = {ATTRIBUTES = (Private, ); }; };
		015A4F9C1C67A49400F950B3 /* LHModalTransitionData.m in Sources */ = {isa = PBXBuildFile; fileRef = 015A4F9A1C67A49400F950B3 /* LHModalTransitionData.m */; };
		015A4FA61C67D77F00F950B3 /* LHContainerTransitionData.h in Headers */ = {isa = PBXBuildFile; fileRef = 015A4FA41C67D77F00F950B3 /* LHContainerTransitionData.h */; settings = {ATTRIBUTES = (Private, ); }; };
		015A4FA71C67D77F00F950B3 /* LHContainerTransitionData.m in Sources */ = {isa = PBXBuildFile; fileRef = 015A4FA51C67D77F00F950B3 /* LHContainerTransitionData.m */; };
		015A4FAA1C67FF5700F950B3 /* LHTransitionContext.h in Headers */ = {isa = PBXBuildFile; fileRef = 015A4FA81C67FF5700F950B3 /* LHTransitionContext.h */; settings = {ATTRIBUTES = (Public, ); }; };
		015A4FAB1C67FF5700F950B3 /* LHTransitionContext.m in Sources */ = {isa = PBXBuildFile; fileRef = 015A4FA91C67FF5700F950B3 /* LHTransitionContext.m */; };
		015A4FAD1C6819C700F950B3 /* LHDriverTools.m in Sources */ = {isa = PBXBuildFile; fileRef = 015A4FAC1C6819C700F950B3 /* LHDriverTools.m */; };
		015A4FAF1C681D9900F950B3 /* LHDriverProvider.h in Headers */ = {isa = PBXBuildFile; fileRef = 015A4FAE1C681D9900F950B3 /* LHDriverProvider.h */; settings = {ATTRIBUTES = (Public, ); }; };
		015A4FB21C681E7100F950B3 /* LHDriverProviderImpl.h in Headers */ = {isa = PBXBuildFile; fileRef = 015A4FB01C681E7100F950B3 /* LHDriverProviderImpl.h */; };
		015A4FB31C681E7100F950B3 /* LHDriverProviderImpl.m in Sources */ = {isa = PBXBuildFile; fileRef = 015A4FB11C681E7100F950B3 /* LHDriverProviderImpl.m */; };
		015A4FB51C68216900F950B3 /* LHDriverUpdateContext.m in Sources */ = {isa = PBXBuildFile; fileRef = 015A4FB41C68216900F950B3 /* LHDriverUpdateContext.m */; };
		019DE7341C971DD900656C15 /* LHRouterDelegate.h in Headers */ = {isa = PBXBuildFile; fileRef = 019DE7331C971DD900656C15 /* LHRouterDelegate.h */; settings = {ATTRIBUTES = (Public, ); }; };
		019DE7371C971F6800656C15 /* LHRouterDelegateImpl.h in Headers */ = {isa = PBXBuildFile; fileRef = 019DE7351C971F6800656C15 /* LHRouterDelegateImpl.h */; };
		019DE7381C971F6800656C15 /* LHRouterDelegateImpl.m in Sources */ = {isa = PBXBuildFile; fileRef = 019DE7361C971F6800656C15 /* LHRouterDelegateImpl.m */; };
		01A28DBD1C5CEFBD006F0A95 /* UIViewController+LHNavigationItemForwarding.h in Headers */ = {isa = PBXBuildFile; fileRef = 01A28DBB1C5CEFBD006F0A95 /* UIViewController+LHNavigationItemForwarding.h */; settings = {ATTRIBUTES = (Private, ); }; };
		01A28DBE1C5CEFBD006F0A95 /* UIViewController+LHNavigationItemForwarding.m in Sources */ = {isa = PBXBuildFile; fileRef = 01A28DBC1C5CEFBD006F0A95 /* UIViewController+LHNavigationItemForwarding.m */; };
		01B3917D1C86FE8F00579C2B /* LHTaskBlocks.h in Headers */ = {isa = PBXBuildFile; fileRef = 01B3917C1C86FE8F00579C2B /* LHTaskBlocks.h */; settings = {ATTRIBUTES = (Public, ); }; };
		01B3918A1C88554800579C2B /* LHNodeUtils.h in Headers */ = {isa = PBXBuildFile; fileRef = 01B391881C88554800579C2B /* LHNodeUtils.h */; };
		01B3918B1C88554800579C2B /* LHNodeUtils.m in Sources */ = {isa = PBXBuildFile; fileRef = 01B391891C88554800579C2B /* LHNodeUtils.m */; };
		01B3918D1C888FFD00579C2B /* LHRouterState.h in Headers */ = {isa = PBXBuildFile; fileRef = 01B3918C1C888FFD00579C2B /* LHRouterState.h */; settings = {ATTRIBUTES = (Public, ); }; };
		01B391901C88900B00579C2B /* LHRouterStateImpl.h in Headers */ = {isa = PBXBuildFile; fileRef = 01B3918E1C88900A00579C2B /* LHRouterStateImpl.h */; };
		01B391911C88900B00579C2B /* LHRouterStateImpl.m in Sources */ = {isa = PBXBuildFile; fileRef = 01B3918F1C88900A00579C2B /* LHRouterStateImpl.m */; };
		01D57A111C50467F008E4EB5 /* LHNodeState.h in Headers */ = {isa = PBXBuildFile; fileRef = 01D57A101C502F3F008E4EB5 /* LHNodeState.h */; settings = {ATTRIBUTES = (Public, ); }; };
		01D57A191C505DF1008E4EB5 /* LHDriverTools.h in Headers */ = {isa = PBXBuildFile; fileRef = 01D57A181C505DF1008E4EB5 /* LHDriverTools.h */; settings = {ATTRIBUTES = (Public, ); }; };
		01D57AB31C547557008E4EB5 /* LHTabNodeChildrenState.h in Headers */ = {isa = PBXBuildFile; fileRef = 01D57AB11C547557008E4EB5 /* LHTabNodeChildrenState.h */; settings = {ATTRIBUTES = (Public, ); }; };
		01D57AB41C547557008E4EB5 /* LHTabNodeChildrenState.m in Sources */ = {isa = PBXBuildFile; fileRef = 01D57AB21C547557008E4EB5 /* LHTabNodeChildrenState.m */; };
		01DBF2CE1C4EFE700034783C /* LHRouter.h in Headers */ = {isa = PBXBuildFile; fileRef = 01A01A651BA837B100608274 /* LHRouter.h */; settings = {ATTRIBUTES = (Public, ); }; };
		01DBF2CF1C4EFE700034783C /* LHRouterObserver.h in Headers */ = {isa = PBXBuildFile; fileRef = 012497A01BAA1FDE007CD98B /* LHRouterObserver.h */; settings = {ATTRIBUTES = (Public, ); }; };
		01DBF2D01C4EFE700034783C /* LHTree.h in Headers */ = {isa = PBXBuildFile; fileRef = 0186CB051BAE038600B22431 /* LHTree.h */; settings = {ATTRIBUTES = (Public, ); }; };
		01DBF2D11C4EFE700034783C /* LHNodeTree.h in Headers */ = {isa = PBXBuildFile; fileRef = 0160A96E1BA7434B0035A331 /* LHNodeTree.h */; settings = {ATTRIBUTES = (Public, ); }; };
		01DBF2D21C4EFE700034783C /* LHNodeForest.h in Headers */ = {isa = PBXBuildFile; fileRef = 0186CB081BAE0A1700B22431 /* LHNodeForest.h */; settings = {ATTRIBUTES = (Public, ); }; };
		01DBF2D31C4EFE700034783C /* LHLeafNode.h in Headers */ = {isa = PBXBuildFile; fileRef = 01A01A971BA8834500608274 /* LHLeafNode.h */; settings = {ATTRIBUTES = (Public, ); }; };
		01DBF2D41C4EFE700034783C /* LHStackNode.h in Headers */ = {isa = PBXBuildFile; fileRef = 0160A96B1BA742C90035A331 /* LHStackNode.h */; settings = {ATTRIBUTES = (Public, ); }; };
		01DBF2D51C4EFE700034783C /* LHStackNodeChildrenState.h in Headers */ = {isa = PBXBuildFile; fileRef = 0186CB0B1BAE0C3200B22431 /* LHStackNodeChildrenState.h */; settings = {ATTRIBUTES = (Public, ); }; };
		01DBF2D71C4EFE700034783C /* LHTabNode.h in Headers */ = {isa = PBXBuildFile; fileRef = 0160A9741BA7479C0035A331 /* LHTabNode.h */; settings = {ATTRIBUTES = (Public, ); }; };
		01DBF2D81C4EFE700034783C /* LHNode.h in Headers */ = {isa = PBXBuildFile; fileRef = 0160A97B1BA782540035A331 /* LHNode.h */; settings = {ATTRIBUTES = (Public, ); }; };
		01DBF2D91C4EFE700034783C /* LHNodeModelState.h in Headers */ = {isa = PBXBuildFile; fileRef = 0160A97C1BA782940035A331 /* LHNodeModelState.h */; };
		01DBF2DA1C4EFE700034783C /* LHNodeChildrenState.h in Headers */ = {isa = PBXBuildFile; fileRef = 0160A97D1BA782BA0035A331 /* LHNodeChildrenState.h */; settings = {ATTRIBUTES = (Public, ); }; };
		01DBF2DB1C4EFE700034783C /* LHTarget.h in Headers */ = {isa = PBXBuildFile; fileRef = 013176A11BC1F7650007668B /* LHTarget.h */; settings = {ATTRIBUTES = (Public, ); }; };
		01DBF2DC1C4EFE700034783C /* LHViewControllerDriverHelpers.h in Headers */ = {isa = PBXBuildFile; fileRef = 0124979C1BA9E7B1007CD98B /* LHViewControllerDriverHelpers.h */; settings = {ATTRIBUTES = (Private, ); }; };
		01DBF2DD1C4EFE700034783C /* UIViewController+LHDismissalTracking.h in Headers */ = {isa = PBXBuildFile; fileRef = 017E5B261BC1688400C6C831 /* UIViewController+LHDismissalTracking.h */; settings = {ATTRIBUTES = (Private, ); }; };
		01DBF2DE1C4EFE700034783C /* LHViewControllerDriver.h in Headers */ = {isa = PBXBuildFile; fileRef = 01A01A621BA8373B00608274 /* LHViewControllerDriver.h */; settings = {ATTRIBUTES = (Public, ); }; };
		01DBF2DF1C4EFE700034783C /* LHNavigationControllerDriver.h in Headers */ = {isa = PBXBuildFile; fileRef = 0160A9831BA78EAC0035A331 /* LHNavigationControllerDriver.h */; settings = {ATTRIBUTES = (Public, ); }; };
		01DBF2E01C4EFE700034783C /* LHTabBarControllerDriver.h in Headers */ = {isa = PBXBuildFile; fileRef = 012497961BA9D92E007CD98B /* LHTabBarControllerDriver.h */; settings = {ATTRIBUTES = (Public, ); }; };
		01DBF2E11C4EFE700034783C /* LHWindowDriver.h in Headers */ = {isa = PBXBuildFile; fileRef = 01A01A9F1BA88B4000608274 /* LHWindowDriver.h */; settings = {ATTRIBUTES = (Public, ); }; };
		01DBF2E21C4EFE700034783C /* LHUpdateHandler.h in Headers */ = {isa = PBXBuildFile; fileRef = 0186CAFD1BADF87F00B22431 /* LHUpdateHandler.h */; settings = {ATTRIBUTES = (Public, ); }; };
		01DBF2E31C4EFE700034783C /* LHUpdateBus.h in Headers */ = {isa = PBXBuildFile; fileRef = 012A952F1C4EEFAC000A4ECB /* LHUpdateBus.h */; settings = {ATTRIBUTES = (Public, ); }; };
		01DBF2E41C4EFE700034783C /* LHUpdateHandlerDriver.h in Headers */ = {isa = PBXBuildFile; fileRef = 0111CC221BAA470D00C19022 /* LHUpdateHandlerDriver.h */; settings = {ATTRIBUTES = (Public, ); }; };
		01DBF2E51C4EFE700034783C /* LHDriver.h in Headers */ = {isa = PBXBuildFile; fileRef = 0160A9781BA780AD0035A331 /* LHDriver.h */; settings = {ATTRIBUTES = (Public, ); }; };
		01DBF2E61C4EFE700034783C /* LHDriverUpdateContext.h in Headers */ = {isa = PBXBuildFile; fileRef = 0160A9811BA78CAE0035A331 /* LHDriverUpdateContext.h */; settings = {ATTRIBUTES = (Public, ); }; };
		01DBF2E71C4EFE700034783C /* LHDriverChannel.h in Headers */ = {isa = PBXBuildFile; fileRef = 0160A9881BA8299A0035A331 /* LHDriverChannel.h */; settings = {ATTRIBUTES = (Public, ); }; };
		01DBF2E81C4EFE700034783C /* LHBlockDriverFactory.h in Headers */ = {isa = PBXBuildFile; fileRef = 01A01AA21BA8901100608274 /* LHBlockDriverFactory.h */; settings = {ATTRIBUTES = (Public, ); }; };
		01DBF2E91C4EFE700034783C /* LHCompositeDriverFactory.h in Headers */ = {isa = PBXBuildFile; fileRef = 01A01AAF1BA97B7100608274 /* LHCompositeDriverFactory.h */; settings = {ATTRIBUTES = (Public, ); }; };
		01DBF2EA1C4EFE700034783C /* LHCompositeDriver.h in Headers */ = {isa = PBXBuildFile; fileRef = 01A01AAA1BA9743900608274 /* LHCompositeDriver.h */; settings = {ATTRIBUTES = (Private, ); }; };
		01DBF2EB1C4EFE700034783C /* LHDriverFactory.h in Headers */ = {isa = PBXBuildFile; fileRef = 01A01A791BA8420000608274 /* LHDriverFactory.h */; settings = {ATTRIBUTES = (Public, ); }; };
		01DBF2EC1C4EFE700034783C /* LHCommand.h in Headers */ = {isa = PBXBuildFile; fileRef = 0160A9871BA822170035A331 /* LHCommand.h */; settings = {ATTRIBUTES = (Public, ); }; };
		01DBF2ED1C4EFE700034783C /* LHBasicCommandRegistry.h in Headers */ = {isa = PBXBuildFile; fileRef = 0111CC291BAB026B00C19022 /* LHBasicCommandRegistry.h */; settings = {ATTRIBUTES = (Public, ); }; };
		01DBF2EE1C4EFE700034783C /* LHCommandRegistry.h in Headers */ = {isa = PBXBuildFile; fileRef = 01A01A751BA83EA500608274 /* LHCommandRegistry.h */; settings = {ATTRIBUTES = (Public, ); }; };
		01DBF2EF1C4EFE700034783C /* LHTask.h in Headers */ = {isa = PBXBuildFile; fileRef = 01C6F8CB1BB6D61D00A13C1E /* LHTask.h */; settings = {ATTRIBUTES = (Public, ); }; };
		01DBF2F01C4EFE710034783C /* LHTaskQueue.h in Headers */ = {isa = PBXBuildFile; fileRef = 0111CC391BAB963900C19022 /* LHTaskQueue.h */; settings = {ATTRIBUTES = (Public, ); }; };
		01DBF2F11C4EFE710034783C /* LHDescriptionHelpers.h in Headers */ = {isa = PBXBuildFile; fileRef = 0186CAF01BACC29E00B22431 /* LHDescriptionHelpers.h */; settings = {ATTRIBUTES = (Public, ); }; };
		01DBF2F31C4EFEB00034783C /* LHNodeData.h in Headers */ = {isa = PBXBuildFile; fileRef = 01A01A7E1BA84D2500608274 /* LHNodeData.h */; settings = {ATTRIBUTES = (Private, ); }; };
		01DBF2F41C4EFEB00034783C /* LHNodeDataStorage.h in Headers */ = {isa = PBXBuildFile; fileRef = 012A87A41BB3791200C9679D /* LHNodeDataStorage.h */; settings = {ATTRIBUTES = (Private, ); }; };
		01DBF2F51C4EFEB00034783C /* LHComponents.h in Headers */ = {isa = PBXBuildFile; fileRef = 01C6F90C1BBB1C7E00A13C1E /* LHComponents.h */; settings = {ATTRIBUTES = (Private, ); }; };
		01DBF2F61C4EFEB00034783C /* LHBlockTask.h in Headers */ = {isa = PBXBuildFile; fileRef = 01C6F8CE1BB6D8DD00A13C1E /* LHBlockTask.h */; settings = {ATTRIBUTES = (Private, ); }; };
		01DBF2F71C4EFEB00034783C /* LHNodeUpdateTask.h in Headers */ = {isa = PBXBuildFile; fileRef = 01C6F8D11BB6DE8000A13C1E /* LHNodeUpdateTask.h */; settings = {ATTRIBUTES = (Private, ); }; };
		01DBF2F81C4EFEB00034783C /* LHCommandNodeUpdateTask.h in Headers */ = {isa = PBXBuildFile; fileRef = 01C6F8D51BB81FB700A13C1E /* LHCommandNodeUpdateTask.h */; settings = {ATTRIBUTES = (Private, ); }; };
		01DBF2F91C4EFEB00034783C /* LHManualNodeUpdateTask.h in Headers */ = {isa = PBXBuildFile; fileRef = 01E8BB951BC01318000405D2 /* LHManualNodeUpdateTask.h */; settings = {ATTRIBUTES = (Private, ); }; };
		01DBF2FA1C4EFEB00034783C /* LHDriverFeedbackUpdateTask.h in Headers */ = {isa = PBXBuildFile; fileRef = 01C6F9021BBA063800A13C1E /* LHDriverFeedbackUpdateTask.h */; settings = {ATTRIBUTES = (Private, ); }; };
		01DBF2FC1C4EFEB00034783C /* LHDriverChannelImpl.h in Headers */ = {isa = PBXBuildFile; fileRef = 01A01AA61BA8E9FB00608274 /* LHDriverChannelImpl.h */; settings = {ATTRIBUTES = (Private, ); }; };
		01DBF2FD1C4EFEB00034783C /* LHUpdateBusImpl.h in Headers */ = {isa = PBXBuildFile; fileRef = 012A95321C4EF2E9000A4ECB /* LHUpdateBusImpl.h */; settings = {ATTRIBUTES = (Private, ); }; };
		0F27F8101DCE4366004F07DF /* NSMapTable+LHUtils.h in Headers */ = {isa = PBXBuildFile; fileRef = 0F27F80E1DCE4366004F07DF /* NSMapTable+LHUtils.h */; };
		0F27F8111DCE4366004F07DF /* NSMapTable+LHUtils.m in Sources */ = {isa = PBXBuildFile; fileRef = 0F27F80F1DCE4366004F07DF /* NSMapTable+LHUtils.m */; };
		0F27F8121DCE4B98004F07DF /* LHGraph.m in Sources */ = {isa = PBXBuildFile; fileRef = 0F5FC6EA1DCBE158009596D4 /* LHGraph.m */; };
		0F27F8131DCE4B9B004F07DF /* LHGraphEdge.m in Sources */ = {isa = PBXBuildFile; fileRef = 0F5FC6EC1DCBE158009596D4 /* LHGraphEdge.m */; };
		0F5FC6ED1DCBE158009596D4 /* LHGraph.h in Headers */ = {isa = PBXBuildFile; fileRef = 0F5FC6E91DCBE158009596D4 /* LHGraph.h */; settings = {ATTRIBUTES = (Public, ); }; };
		0F5FC6EE1DCBE158009596D4 /* LHGraph.m in Sources */ = {isa = PBXBuildFile; fileRef = 0F5FC6EA1DCBE158009596D4 /* LHGraph.m */; };
		0F5FC6EF1DCBE158009596D4 /* LHGraphEdge.h in Headers */ = {isa = PBXBuildFile; fileRef = 0F5FC6EB1DCBE158009596D4 /* LHGraphEdge.h */; settings = {ATTRIBUTES = (Public, ); }; };
		0F5FC6F01DCBE158009596D4 /* LHGraphEdge.m in Sources */ = {isa = PBXBuildFile; fileRef = 0F5FC6EC1DCBE158009596D4 /* LHGraphEdge.m */; };
		0F5FC6F71DCCB567009596D4 /* LHRouteHint.h in Headers */ = {isa = PBXBuildFile; fileRef = 0F5FC6F51DCCB567009596D4 /* LHRouteHint.h */; settings = {ATTRIBUTES = (Public, ); }; };
		0F5FC6F81DCCB567009596D4 /* LHRouteHint.m in Sources */ = {isa = PBXBuildFile; fileRef = 0F5FC6F61DCCB567009596D4 /* LHRouteHint.m */; };
		0F5FC7051DCCEB91009596D4 /* LHDebugDescription.h in Headers */ = {isa = PBXBuildFile; fileRef = 0F5FC7031DCCEB91009596D4 /* LHDebugDescription.h */; };
		0F5FC7061DCCEB91009596D4 /* LHDebugDescription.m in Sources */ = {isa = PBXBuildFile; fileRef = 0F5FC7041DCCEB91009596D4 /* LHDebugDescription.m */; };
		0F5FC7081DCCECBB009596D4 /* LHDebugPrintable.h in Headers */ = {isa = PBXBuildFile; fileRef = 0F5FC6F91DCCEAD5009596D4 /* LHDebugPrintable.h */; settings = {ATTRIBUTES = (Public, ); }; };
/* End PBXBuildFile section */

/* Begin PBXContainerItemProxy section */
		012A95451C4EFD5E000A4ECB /* PBXContainerItemProxy */ = {
			isa = PBXContainerItemProxy;
			containerPortal = 013F689B1BA62BE900B5797B /* Project object */;
			proxyType = 1;
			remoteGlobalIDString = 012A95391C4EFD5E000A4ECB;
			remoteInfo = Lighthouse;
		};
/* End PBXContainerItemProxy section */

/* Begin PBXFileReference section */
		0111CC221BAA470D00C19022 /* LHUpdateHandlerDriver.h */ = {isa = PBXFileReference; fileEncoding = 4; lastKnownFileType = sourcecode.c.h; path = LHUpdateHandlerDriver.h; sourceTree = "<group>"; };
		0111CC231BAA470D00C19022 /* LHUpdateHandlerDriver.m */ = {isa = PBXFileReference; fileEncoding = 4; lastKnownFileType = sourcecode.c.objc; path = LHUpdateHandlerDriver.m; sourceTree = "<group>"; };
		0111CC291BAB026B00C19022 /* LHBasicCommandRegistry.h */ = {isa = PBXFileReference; fileEncoding = 4; lastKnownFileType = sourcecode.c.h; path = LHBasicCommandRegistry.h; sourceTree = "<group>"; };
		0111CC2A1BAB026B00C19022 /* LHBasicCommandRegistry.m */ = {isa = PBXFileReference; fileEncoding = 4; lastKnownFileType = sourcecode.c.objc; path = LHBasicCommandRegistry.m; sourceTree = "<group>"; };
		0111CC391BAB963900C19022 /* LHTaskQueue.h */ = {isa = PBXFileReference; fileEncoding = 4; lastKnownFileType = sourcecode.c.h; path = LHTaskQueue.h; sourceTree = "<group>"; };
		012497961BA9D92E007CD98B /* LHTabBarControllerDriver.h */ = {isa = PBXFileReference; fileEncoding = 4; lastKnownFileType = sourcecode.c.h; path = LHTabBarControllerDriver.h; sourceTree = "<group>"; };
		012497971BA9D92E007CD98B /* LHTabBarControllerDriver.m */ = {isa = PBXFileReference; fileEncoding = 4; lastKnownFileType = sourcecode.c.objc; path = LHTabBarControllerDriver.m; sourceTree = "<group>"; };
		0124979C1BA9E7B1007CD98B /* LHViewControllerDriverHelpers.h */ = {isa = PBXFileReference; fileEncoding = 4; lastKnownFileType = sourcecode.c.h; path = LHViewControllerDriverHelpers.h; sourceTree = "<group>"; };
		0124979D1BA9E7B1007CD98B /* LHViewControllerDriverHelpers.m */ = {isa = PBXFileReference; fileEncoding = 4; lastKnownFileType = sourcecode.c.objc; path = LHViewControllerDriverHelpers.m; sourceTree = "<group>"; };
		012497A01BAA1FDE007CD98B /* LHRouterObserver.h */ = {isa = PBXFileReference; fileEncoding = 4; lastKnownFileType = sourcecode.c.h; path = LHRouterObserver.h; sourceTree = "<group>"; };
		012A87A41BB3791200C9679D /* LHNodeDataStorage.h */ = {isa = PBXFileReference; fileEncoding = 4; lastKnownFileType = sourcecode.c.h; path = LHNodeDataStorage.h; sourceTree = "<group>"; };
		012A87A51BB3791200C9679D /* LHNodeDataStorage.m */ = {isa = PBXFileReference; fileEncoding = 4; lastKnownFileType = sourcecode.c.objc; path = LHNodeDataStorage.m; sourceTree = "<group>"; };
		012A952F1C4EEFAC000A4ECB /* LHUpdateBus.h */ = {isa = PBXFileReference; fileEncoding = 4; lastKnownFileType = sourcecode.c.h; path = LHUpdateBus.h; sourceTree = "<group>"; };
		012A95321C4EF2E9000A4ECB /* LHUpdateBusImpl.h */ = {isa = PBXFileReference; fileEncoding = 4; lastKnownFileType = sourcecode.c.h; path = LHUpdateBusImpl.h; sourceTree = "<group>"; };
		012A95331C4EF2E9000A4ECB /* LHUpdateBusImpl.m */ = {isa = PBXFileReference; fileEncoding = 4; lastKnownFileType = sourcecode.c.objc; path = LHUpdateBusImpl.m; sourceTree = "<group>"; };
		012A953A1C4EFD5E000A4ECB /* Lighthouse.framework */ = {isa = PBXFileReference; explicitFileType = wrapper.framework; includeInIndex = 0; path = Lighthouse.framework; sourceTree = BUILT_PRODUCTS_DIR; };
		012A953C1C4EFD5E000A4ECB /* Lighthouse.h */ = {isa = PBXFileReference; lastKnownFileType = sourcecode.c.h; path = Lighthouse.h; sourceTree = "<group>"; };
		012A953E1C4EFD5E000A4ECB /* Info.plist */ = {isa = PBXFileReference; lastKnownFileType = text.plist.xml; path = Info.plist; sourceTree = "<group>"; };
		012A95431C4EFD5E000A4ECB /* LighthouseTests.xctest */ = {isa = PBXFileReference; explicitFileType = wrapper.cfbundle; includeInIndex = 0; path = LighthouseTests.xctest; sourceTree = BUILT_PRODUCTS_DIR; };
		012A95481C4EFD5E000A4ECB /* LighthouseTests.m */ = {isa = PBXFileReference; lastKnownFileType = sourcecode.c.objc; path = LighthouseTests.m; sourceTree = "<group>"; };
		012A954A1C4EFD5E000A4ECB /* Info.plist */ = {isa = PBXFileReference; lastKnownFileType = text.plist.xml; path = Info.plist; sourceTree = "<group>"; };
		013176A11BC1F7650007668B /* LHTarget.h */ = {isa = PBXFileReference; fileEncoding = 4; lastKnownFileType = sourcecode.c.h; path = LHTarget.h; sourceTree = "<group>"; };
		013176A21BC1F7650007668B /* LHTarget.m */ = {isa = PBXFileReference; fileEncoding = 4; lastKnownFileType = sourcecode.c.objc; path = LHTarget.m; sourceTree = "<group>"; };
		014C9F081C9620AF00D35950 /* LHRouterResumeToken.h */ = {isa = PBXFileReference; fileEncoding = 4; lastKnownFileType = sourcecode.c.h; path = LHRouterResumeToken.h; sourceTree = "<group>"; };
		014C9F0A1C96E98E00D35950 /* LHTaskQueueImpl.h */ = {isa = PBXFileReference; fileEncoding = 4; lastKnownFileType = sourcecode.c.h; path = LHTaskQueueImpl.h; sourceTree = "<group>"; };
		014C9F0B1C96E98E00D35950 /* LHTaskQueueImpl.m */ = {isa = PBXFileReference; fileEncoding = 4; lastKnownFileType = sourcecode.c.objc; path = LHTaskQueueImpl.m; sourceTree = "<group>"; };
		014C9F0E1C96EF0B00D35950 /* LHRouterResumeTokenImpl.h */ = {isa = PBXFileReference; fileEncoding = 4; lastKnownFileType = sourcecode.c.h; path = LHRouterResumeTokenImpl.h; sourceTree = "<group>"; };
		014C9F0F1C96EF0B00D35950 /* LHRouterResumeTokenImpl.m */ = {isa = PBXFileReference; fileEncoding = 4; lastKnownFileType = sourcecode.c.objc; path = LHRouterResumeTokenImpl.m; sourceTree = "<group>"; };
		014C9F141C96F94E00D35950 /* LHMacro.h */ = {isa = PBXFileReference; fileEncoding = 4; lastKnownFileType = sourcecode.c.h; path = LHMacro.h; sourceTree = "<group>"; };
		015A4F801C663F0500F950B3 /* LHContainerTransitionStyle.h */ = {isa = PBXFileReference; fileEncoding = 4; lastKnownFileType = sourcecode.c.h; path = LHContainerTransitionStyle.h; sourceTree = "<group>"; };
		015A4F861C664BF200F950B3 /* LHModalTransitionStyle.h */ = {isa = PBXFileReference; fileEncoding = 4; lastKnownFileType = sourcecode.c.h; path = LHModalTransitionStyle.h; sourceTree = "<group>"; };
		015A4F8C1C66950E00F950B3 /* LHTransitionStyleRegistry.h */ = {isa = PBXFileReference; fileEncoding = 4; lastKnownFileType = sourcecode.c.h; path = LHTransitionStyleRegistry.h; sourceTree = "<group>"; };
		015A4F8D1C66950E00F950B3 /* LHTransitionStyleRegistry.m */ = {isa = PBXFileReference; fileEncoding = 4; lastKnownFileType = sourcecode.c.objc; path = LHTransitionStyleRegistry.m; sourceTree = "<group>"; };
		015A4F901C67014F00F950B3 /* LHContainerTransitionStyleRegistry.h */ = {isa = PBXFileReference; fileEncoding = 4; lastKnownFileType = sourcecode.c.h; path = LHContainerTransitionStyleRegistry.h; sourceTree = "<group>"; };
		015A4F911C67014F00F950B3 /* LHContainerTransitionStyleRegistry.m */ = {isa = PBXFileReference; fileEncoding = 4; lastKnownFileType = sourcecode.c.objc; path = LHContainerTransitionStyleRegistry.m; sourceTree = "<group>"; };
		015A4F941C67018E00F950B3 /* LHModalTransitionStyleRegistry.h */ = {isa = PBXFileReference; fileEncoding = 4; lastKnownFileType = sourcecode.c.h; path = LHModalTransitionStyleRegistry.h; sourceTree = "<group>"; };
		015A4F951C67018E00F950B3 /* LHModalTransitionStyleRegistry.m */ = {isa = PBXFileReference; fileEncoding = 4; lastKnownFileType = sourcecode.c.objc; path = LHModalTransitionStyleRegistry.m; sourceTree = "<group>"; };
		015A4F991C67A49400F950B3 /* LHModalTransitionData.h */ = {isa = PBXFileReference; fileEncoding = 4; lastKnownFileType = sourcecode.c.h; path = LHModalTransitionData.h; sourceTree = "<group>"; };
		015A4F9A1C67A49400F950B3 /* LHModalTransitionData.m */ = {isa = PBXFileReference; fileEncoding = 4; lastKnownFileType = sourcecode.c.objc; path = LHModalTransitionData.m; sourceTree = "<group>"; };
		015A4FA41C67D77F00F950B3 /* LHContainerTransitionData.h */ = {isa = PBXFileReference; fileEncoding = 4; lastKnownFileType = sourcecode.c.h; path = LHContainerTransitionData.h; sourceTree = "<group>"; };
		015A4FA51C67D77F00F950B3 /* LHContainerTransitionData.m */ = {isa = PBXFileReference; fileEncoding = 4; lastKnownFileType = sourcecode.c.objc; path = LHContainerTransitionData.m; sourceTree = "<group>"; };
		015A4FA81C67FF5700F950B3 /* LHTransitionContext.h */ = {isa = PBXFileReference; fileEncoding = 4; lastKnownFileType = sourcecode.c.h; path = LHTransitionContext.h; sourceTree = "<group>"; };
		015A4FA91C67FF5700F950B3 /* LHTransitionContext.m */ = {isa = PBXFileReference; fileEncoding = 4; lastKnownFileType = sourcecode.c.objc; path = LHTransitionContext.m; sourceTree = "<group>"; };
		015A4FAC1C6819C700F950B3 /* LHDriverTools.m */ = {isa = PBXFileReference; fileEncoding = 4; lastKnownFileType = sourcecode.c.objc; path = LHDriverTools.m; sourceTree = "<group>"; };
		015A4FAE1C681D9900F950B3 /* LHDriverProvider.h */ = {isa = PBXFileReference; fileEncoding = 4; lastKnownFileType = sourcecode.c.h; path = LHDriverProvider.h; sourceTree = "<group>"; };
		015A4FB01C681E7100F950B3 /* LHDriverProviderImpl.h */ = {isa = PBXFileReference; fileEncoding = 4; lastKnownFileType = sourcecode.c.h; path = LHDriverProviderImpl.h; sourceTree = "<group>"; };
		015A4FB11C681E7100F950B3 /* LHDriverProviderImpl.m */ = {isa = PBXFileReference; fileEncoding = 4; lastKnownFileType = sourcecode.c.objc; path = LHDriverProviderImpl.m; sourceTree = "<group>"; };
		015A4FB41C68216900F950B3 /* LHDriverUpdateContext.m */ = {isa = PBXFileReference; fileEncoding = 4; lastKnownFileType = sourcecode.c.objc; path = LHDriverUpdateContext.m; sourceTree = "<group>"; };
		0160A96B1BA742C90035A331 /* LHStackNode.h */ = {isa = PBXFileReference; fileEncoding = 4; lastKnownFileType = sourcecode.c.h; path = LHStackNode.h; sourceTree = "<group>"; };
		0160A96C1BA742C90035A331 /* LHStackNode.m */ = {isa = PBXFileReference; fileEncoding = 4; lastKnownFileType = sourcecode.c.objc; path = LHStackNode.m; sourceTree = "<group>"; };
		0160A96E1BA7434B0035A331 /* LHNodeTree.h */ = {isa = PBXFileReference; fileEncoding = 4; lastKnownFileType = sourcecode.c.h; path = LHNodeTree.h; sourceTree = "<group>"; };
		0160A96F1BA7434B0035A331 /* LHNodeTree.m */ = {isa = PBXFileReference; fileEncoding = 4; lastKnownFileType = sourcecode.c.objc; path = LHNodeTree.m; sourceTree = "<group>"; };
		0160A9741BA7479C0035A331 /* LHTabNode.h */ = {isa = PBXFileReference; fileEncoding = 4; lastKnownFileType = sourcecode.c.h; path = LHTabNode.h; sourceTree = "<group>"; };
		0160A9751BA7479C0035A331 /* LHTabNode.m */ = {isa = PBXFileReference; fileEncoding = 4; lastKnownFileType = sourcecode.c.objc; path = LHTabNode.m; sourceTree = "<group>"; };
		0160A9781BA780AD0035A331 /* LHDriver.h */ = {isa = PBXFileReference; fileEncoding = 4; lastKnownFileType = sourcecode.c.h; path = LHDriver.h; sourceTree = "<group>"; };
		0160A97B1BA782540035A331 /* LHNode.h */ = {isa = PBXFileReference; fileEncoding = 4; lastKnownFileType = sourcecode.c.h; path = LHNode.h; sourceTree = "<group>"; };
		0160A97C1BA782940035A331 /* LHNodeModelState.h */ = {isa = PBXFileReference; fileEncoding = 4; lastKnownFileType = sourcecode.c.h; path = LHNodeModelState.h; sourceTree = "<group>"; };
		0160A97D1BA782BA0035A331 /* LHNodeChildrenState.h */ = {isa = PBXFileReference; fileEncoding = 4; lastKnownFileType = sourcecode.c.h; path = LHNodeChildrenState.h; sourceTree = "<group>"; };
		0160A9811BA78CAE0035A331 /* LHDriverUpdateContext.h */ = {isa = PBXFileReference; fileEncoding = 4; lastKnownFileType = sourcecode.c.h; path = LHDriverUpdateContext.h; sourceTree = "<group>"; };
		0160A9831BA78EAC0035A331 /* LHNavigationControllerDriver.h */ = {isa = PBXFileReference; fileEncoding = 4; lastKnownFileType = sourcecode.c.h; path = LHNavigationControllerDriver.h; sourceTree = "<group>"; };
		0160A9841BA78EAC0035A331 /* LHNavigationControllerDriver.m */ = {isa = PBXFileReference; fileEncoding = 4; lastKnownFileType = sourcecode.c.objc; path = LHNavigationControllerDriver.m; sourceTree = "<group>"; };
		0160A9871BA822170035A331 /* LHCommand.h */ = {isa = PBXFileReference; fileEncoding = 4; lastKnownFileType = sourcecode.c.h; path = LHCommand.h; sourceTree = "<group>"; };
		0160A9881BA8299A0035A331 /* LHDriverChannel.h */ = {isa = PBXFileReference; fileEncoding = 4; lastKnownFileType = sourcecode.c.h; path = LHDriverChannel.h; sourceTree = "<group>"; };
		017E5B261BC1688400C6C831 /* UIViewController+LHDismissalTracking.h */ = {isa = PBXFileReference; fileEncoding = 4; lastKnownFileType = sourcecode.c.h; path = "UIViewController+LHDismissalTracking.h"; sourceTree = "<group>"; };
		017E5B271BC1688400C6C831 /* UIViewController+LHDismissalTracking.m */ = {isa = PBXFileReference; fileEncoding = 4; lastKnownFileType = sourcecode.c.objc; path = "UIViewController+LHDismissalTracking.m"; sourceTree = "<group>"; };
		0186CAF01BACC29E00B22431 /* LHDescriptionHelpers.h */ = {isa = PBXFileReference; fileEncoding = 4; lastKnownFileType = sourcecode.c.h; path = LHDescriptionHelpers.h; sourceTree = "<group>"; };
		0186CAF11BACC29E00B22431 /* LHDescriptionHelpers.m */ = {isa = PBXFileReference; fileEncoding = 4; lastKnownFileType = sourcecode.c.objc; path = LHDescriptionHelpers.m; sourceTree = "<group>"; };
		0186CAFD1BADF87F00B22431 /* LHUpdateHandler.h */ = {isa = PBXFileReference; fileEncoding = 4; lastKnownFileType = sourcecode.c.h; path = LHUpdateHandler.h; sourceTree = "<group>"; };
		0186CB051BAE038600B22431 /* LHTree.h */ = {isa = PBXFileReference; fileEncoding = 4; lastKnownFileType = sourcecode.c.h; path = LHTree.h; sourceTree = "<group>"; };
		0186CB061BAE038600B22431 /* LHTree.m */ = {isa = PBXFileReference; fileEncoding = 4; lastKnownFileType = sourcecode.c.objc; path = LHTree.m; sourceTree = "<group>"; };
		0186CB081BAE0A1700B22431 /* LHNodeForest.h */ = {isa = PBXFileReference; fileEncoding = 4; lastKnownFileType = sourcecode.c.h; path = LHNodeForest.h; sourceTree = "<group>"; };
		0186CB091BAE0A1700B22431 /* LHNodeForest.m */ = {isa = PBXFileReference; fileEncoding = 4; lastKnownFileType = sourcecode.c.objc; path = LHNodeForest.m; sourceTree = "<group>"; };
		0186CB0B1BAE0C3200B22431 /* LHStackNodeChildrenState.h */ = {isa = PBXFileReference; fileEncoding = 4; lastKnownFileType = sourcecode.c.h; path = LHStackNodeChildrenState.h; sourceTree = "<group>"; };
		0186CB0C1BAE0C3200B22431 /* LHStackNodeChildrenState.m */ = {isa = PBXFileReference; fileEncoding = 4; lastKnownFileType = sourcecode.c.objc; path = LHStackNodeChildrenState.m; sourceTree = "<group>"; };
		019DE7331C971DD900656C15 /* LHRouterDelegate.h */ = {isa = PBXFileReference; fileEncoding = 4; lastKnownFileType = sourcecode.c.h; path = LHRouterDelegate.h; sourceTree = "<group>"; };
		019DE7351C971F6800656C15 /* LHRouterDelegateImpl.h */ = {isa = PBXFileReference; fileEncoding = 4; lastKnownFileType = sourcecode.c.h; path = LHRouterDelegateImpl.h; sourceTree = "<group>"; };
		019DE7361C971F6800656C15 /* LHRouterDelegateImpl.m */ = {isa = PBXFileReference; fileEncoding = 4; lastKnownFileType = sourcecode.c.objc; path = LHRouterDelegateImpl.m; sourceTree = "<group>"; };
		01A01A621BA8373B00608274 /* LHViewControllerDriver.h */ = {isa = PBXFileReference; fileEncoding = 4; lastKnownFileType = sourcecode.c.h; path = LHViewControllerDriver.h; sourceTree = "<group>"; };
		01A01A631BA8373B00608274 /* LHViewControllerDriver.m */ = {isa = PBXFileReference; fileEncoding = 4; lastKnownFileType = sourcecode.c.objc; path = LHViewControllerDriver.m; sourceTree = "<group>"; };
		01A01A651BA837B100608274 /* LHRouter.h */ = {isa = PBXFileReference; fileEncoding = 4; lastKnownFileType = sourcecode.c.h; path = LHRouter.h; sourceTree = "<group>"; };
		01A01A661BA837B100608274 /* LHRouter.m */ = {isa = PBXFileReference; fileEncoding = 4; lastKnownFileType = sourcecode.c.objc; path = LHRouter.m; sourceTree = "<group>"; };
		01A01A751BA83EA500608274 /* LHCommandRegistry.h */ = {isa = PBXFileReference; fileEncoding = 4; lastKnownFileType = sourcecode.c.h; path = LHCommandRegistry.h; sourceTree = "<group>"; };
		01A01A791BA8420000608274 /* LHDriverFactory.h */ = {isa = PBXFileReference; fileEncoding = 4; lastKnownFileType = sourcecode.c.h; path = LHDriverFactory.h; sourceTree = "<group>"; };
		01A01A7E1BA84D2500608274 /* LHNodeData.h */ = {isa = PBXFileReference; fileEncoding = 4; lastKnownFileType = sourcecode.c.h; path = LHNodeData.h; sourceTree = "<group>"; };
		01A01A7F1BA84D2500608274 /* LHNodeData.m */ = {isa = PBXFileReference; fileEncoding = 4; lastKnownFileType = sourcecode.c.objc; path = LHNodeData.m; sourceTree = "<group>"; };
		01A01A971BA8834500608274 /* LHLeafNode.h */ = {isa = PBXFileReference; fileEncoding = 4; lastKnownFileType = sourcecode.c.h; path = LHLeafNode.h; sourceTree = "<group>"; };
		01A01A981BA8834500608274 /* LHLeafNode.m */ = {isa = PBXFileReference; fileEncoding = 4; lastKnownFileType = sourcecode.c.objc; path = LHLeafNode.m; sourceTree = "<group>"; };
		01A01A9F1BA88B4000608274 /* LHWindowDriver.h */ = {isa = PBXFileReference; fileEncoding = 4; lastKnownFileType = sourcecode.c.h; path = LHWindowDriver.h; sourceTree = "<group>"; };
		01A01AA01BA88B4000608274 /* LHWindowDriver.m */ = {isa = PBXFileReference; fileEncoding = 4; lastKnownFileType = sourcecode.c.objc; path = LHWindowDriver.m; sourceTree = "<group>"; };
		01A01AA21BA8901100608274 /* LHBlockDriverFactory.h */ = {isa = PBXFileReference; fileEncoding = 4; lastKnownFileType = sourcecode.c.h; path = LHBlockDriverFactory.h; sourceTree = "<group>"; };
		01A01AA31BA8901100608274 /* LHBlockDriverFactory.m */ = {isa = PBXFileReference; fileEncoding = 4; lastKnownFileType = sourcecode.c.objc; path = LHBlockDriverFactory.m; sourceTree = "<group>"; };
		01A01AA61BA8E9FB00608274 /* LHDriverChannelImpl.h */ = {isa = PBXFileReference; fileEncoding = 4; lastKnownFileType = sourcecode.c.h; path = LHDriverChannelImpl.h; sourceTree = "<group>"; };
		01A01AA71BA8E9FB00608274 /* LHDriverChannelImpl.m */ = {isa = PBXFileReference; fileEncoding = 4; lastKnownFileType = sourcecode.c.objc; path = LHDriverChannelImpl.m; sourceTree = "<group>"; };
		01A01AAA1BA9743900608274 /* LHCompositeDriver.h */ = {isa = PBXFileReference; fileEncoding = 4; lastKnownFileType = sourcecode.c.h; path = LHCompositeDriver.h; sourceTree = "<group>"; };
		01A01AAB1BA9743900608274 /* LHCompositeDriver.m */ = {isa = PBXFileReference; fileEncoding = 4; lastKnownFileType = sourcecode.c.objc; path = LHCompositeDriver.m; sourceTree = "<group>"; };
		01A01AAF1BA97B7100608274 /* LHCompositeDriverFactory.h */ = {isa = PBXFileReference; fileEncoding = 4; lastKnownFileType = sourcecode.c.h; path = LHCompositeDriverFactory.h; sourceTree = "<group>"; };
		01A01AB01BA97B7100608274 /* LHCompositeDriverFactory.m */ = {isa = PBXFileReference; fileEncoding = 4; lastKnownFileType = sourcecode.c.objc; path = LHCompositeDriverFactory.m; sourceTree = "<group>"; };
		01A28DBB1C5CEFBD006F0A95 /* UIViewController+LHNavigationItemForwarding.h */ = {isa = PBXFileReference; fileEncoding = 4; lastKnownFileType = sourcecode.c.h; path = "UIViewController+LHNavigationItemForwarding.h"; sourceTree = "<group>"; };
		01A28DBC1C5CEFBD006F0A95 /* UIViewController+LHNavigationItemForwarding.m */ = {isa = PBXFileReference; fileEncoding = 4; lastKnownFileType = sourcecode.c.objc; path = "UIViewController+LHNavigationItemForwarding.m"; sourceTree = "<group>"; };
		01B3917C1C86FE8F00579C2B /* LHTaskBlocks.h */ = {isa = PBXFileReference; fileEncoding = 4; lastKnownFileType = sourcecode.c.h; path = LHTaskBlocks.h; sourceTree = "<group>"; };
		01B391881C88554800579C2B /* LHNodeUtils.h */ = {isa = PBXFileReference; fileEncoding = 4; lastKnownFileType = sourcecode.c.h; path = LHNodeUtils.h; sourceTree = "<group>"; };
		01B391891C88554800579C2B /* LHNodeUtils.m */ = {isa = PBXFileReference; fileEncoding = 4; lastKnownFileType = sourcecode.c.objc; path = LHNodeUtils.m; sourceTree = "<group>"; };
		01B3918C1C888FFD00579C2B /* LHRouterState.h */ = {isa = PBXFileReference; fileEncoding = 4; lastKnownFileType = sourcecode.c.h; path = LHRouterState.h; sourceTree = "<group>"; };
		01B3918E1C88900A00579C2B /* LHRouterStateImpl.h */ = {isa = PBXFileReference; fileEncoding = 4; lastKnownFileType = sourcecode.c.h; path = LHRouterStateImpl.h; sourceTree = "<group>"; };
		01B3918F1C88900A00579C2B /* LHRouterStateImpl.m */ = {isa = PBXFileReference; fileEncoding = 4; lastKnownFileType = sourcecode.c.objc; path = LHRouterStateImpl.m; sourceTree = "<group>"; };
		01C6F8CB1BB6D61D00A13C1E /* LHTask.h */ = {isa = PBXFileReference; fileEncoding = 4; lastKnownFileType = sourcecode.c.h; path = LHTask.h; sourceTree = "<group>"; };
		01C6F8CE1BB6D8DD00A13C1E /* LHBlockTask.h */ = {isa = PBXFileReference; fileEncoding = 4; lastKnownFileType = sourcecode.c.h; path = LHBlockTask.h; sourceTree = "<group>"; };
		01C6F8CF1BB6D8DD00A13C1E /* LHBlockTask.m */ = {isa = PBXFileReference; fileEncoding = 4; lastKnownFileType = sourcecode.c.objc; path = LHBlockTask.m; sourceTree = "<group>"; };
		01C6F8D11BB6DE8000A13C1E /* LHNodeUpdateTask.h */ = {isa = PBXFileReference; fileEncoding = 4; lastKnownFileType = sourcecode.c.h; path = LHNodeUpdateTask.h; sourceTree = "<group>"; };
		01C6F8D21BB6DE8000A13C1E /* LHNodeUpdateTask.m */ = {isa = PBXFileReference; fileEncoding = 4; lastKnownFileType = sourcecode.c.objc; path = LHNodeUpdateTask.m; sourceTree = "<group>"; };
		01C6F8D51BB81FB700A13C1E /* LHCommandNodeUpdateTask.h */ = {isa = PBXFileReference; fileEncoding = 4; lastKnownFileType = sourcecode.c.h; path = LHCommandNodeUpdateTask.h; sourceTree = "<group>"; };
		01C6F8D61BB81FB700A13C1E /* LHCommandNodeUpdateTask.m */ = {isa = PBXFileReference; fileEncoding = 4; lastKnownFileType = sourcecode.c.objc; path = LHCommandNodeUpdateTask.m; sourceTree = "<group>"; };
		01C6F9021BBA063800A13C1E /* LHDriverFeedbackUpdateTask.h */ = {isa = PBXFileReference; fileEncoding = 4; lastKnownFileType = sourcecode.c.h; path = LHDriverFeedbackUpdateTask.h; sourceTree = "<group>"; };
		01C6F9031BBA063800A13C1E /* LHDriverFeedbackUpdateTask.m */ = {isa = PBXFileReference; fileEncoding = 4; lastKnownFileType = sourcecode.c.objc; path = LHDriverFeedbackUpdateTask.m; sourceTree = "<group>"; };
		01C6F90C1BBB1C7E00A13C1E /* LHComponents.h */ = {isa = PBXFileReference; fileEncoding = 4; lastKnownFileType = sourcecode.c.h; path = LHComponents.h; sourceTree = "<group>"; };
		01C6F90D1BBB1C7E00A13C1E /* LHComponents.m */ = {isa = PBXFileReference; fileEncoding = 4; lastKnownFileType = sourcecode.c.objc; path = LHComponents.m; sourceTree = "<group>"; };
		01D57A101C502F3F008E4EB5 /* LHNodeState.h */ = {isa = PBXFileReference; lastKnownFileType = sourcecode.c.h; path = LHNodeState.h; sourceTree = "<group>"; };
		01D57A181C505DF1008E4EB5 /* LHDriverTools.h */ = {isa = PBXFileReference; fileEncoding = 4; lastKnownFileType = sourcecode.c.h; path = LHDriverTools.h; sourceTree = "<group>"; };
		01D57AB11C547557008E4EB5 /* LHTabNodeChildrenState.h */ = {isa = PBXFileReference; fileEncoding = 4; lastKnownFileType = sourcecode.c.h; path = LHTabNodeChildrenState.h; sourceTree = "<group>"; };
		01D57AB21C547557008E4EB5 /* LHTabNodeChildrenState.m */ = {isa = PBXFileReference; fileEncoding = 4; lastKnownFileType = sourcecode.c.objc; path = LHTabNodeChildrenState.m; sourceTree = "<group>"; };
		01E8BB951BC01318000405D2 /* LHManualNodeUpdateTask.h */ = {isa = PBXFileReference; fileEncoding = 4; lastKnownFileType = sourcecode.c.h; path = LHManualNodeUpdateTask.h; sourceTree = "<group>"; };
		01E8BB961BC01318000405D2 /* LHManualNodeUpdateTask.m */ = {isa = PBXFileReference; fileEncoding = 4; lastKnownFileType = sourcecode.c.objc; path = LHManualNodeUpdateTask.m; sourceTree = "<group>"; };
		0F27F80E1DCE4366004F07DF /* NSMapTable+LHUtils.h */ = {isa = PBXFileReference; fileEncoding = 4; lastKnownFileType = sourcecode.c.h; path = "NSMapTable+LHUtils.h"; sourceTree = "<group>"; };
		0F27F80F1DCE4366004F07DF /* NSMapTable+LHUtils.m */ = {isa = PBXFileReference; fileEncoding = 4; lastKnownFileType = sourcecode.c.objc; path = "NSMapTable+LHUtils.m"; sourceTree = "<group>"; };
		0F5FC6E91DCBE158009596D4 /* LHGraph.h */ = {isa = PBXFileReference; fileEncoding = 4; lastKnownFileType = sourcecode.c.h; path = LHGraph.h; sourceTree = "<group>"; };
		0F5FC6EA1DCBE158009596D4 /* LHGraph.m */ = {isa = PBXFileReference; fileEncoding = 4; lastKnownFileType = sourcecode.c.objc; path = LHGraph.m; sourceTree = "<group>"; };
		0F5FC6EB1DCBE158009596D4 /* LHGraphEdge.h */ = {isa = PBXFileReference; fileEncoding = 4; lastKnownFileType = sourcecode.c.h; path = LHGraphEdge.h; sourceTree = "<group>"; };
		0F5FC6EC1DCBE158009596D4 /* LHGraphEdge.m */ = {isa = PBXFileReference; fileEncoding = 4; lastKnownFileType = sourcecode.c.objc; path = LHGraphEdge.m; sourceTree = "<group>"; };
		0F5FC6F51DCCB567009596D4 /* LHRouteHint.h */ = {isa = PBXFileReference; fileEncoding = 4; lastKnownFileType = sourcecode.c.h; path = LHRouteHint.h; sourceTree = "<group>"; };
		0F5FC6F61DCCB567009596D4 /* LHRouteHint.m */ = {isa = PBXFileReference; fileEncoding = 4; lastKnownFileType = sourcecode.c.objc; path = LHRouteHint.m; sourceTree = "<group>"; };
		0F5FC6F91DCCEAD5009596D4 /* LHDebugPrintable.h */ = {isa = PBXFileReference; lastKnownFileType = sourcecode.c.h; path = LHDebugPrintable.h; sourceTree = "<group>"; };
		0F5FC7031DCCEB91009596D4 /* LHDebugDescription.h */ = {isa = PBXFileReference; fileEncoding = 4; lastKnownFileType = sourcecode.c.h; path = LHDebugDescription.h; sourceTree = "<group>"; };
		0F5FC7041DCCEB91009596D4 /* LHDebugDescription.m */ = {isa = PBXFileReference; fileEncoding = 4; lastKnownFileType = sourcecode.c.objc; path = LHDebugDescription.m; sourceTree = "<group>"; };
/* End PBXFileReference section */

/* Begin PBXFrameworksBuildPhase section */
		012A95361C4EFD5E000A4ECB /* Frameworks */ = {
			isa = PBXFrameworksBuildPhase;
			buildActionMask = 2147483647;
			files = (
			);
			runOnlyForDeploymentPostprocessing = 0;
		};
		012A95401C4EFD5E000A4ECB /* Frameworks */ = {
			isa = PBXFrameworksBuildPhase;
			buildActionMask = 2147483647;
			files = (
				012A95441C4EFD5E000A4ECB /* Lighthouse.framework in Frameworks */,
			);
			runOnlyForDeploymentPostprocessing = 0;
		};
/* End PBXFrameworksBuildPhase section */

/* Begin PBXGroup section */
		0111CC211BAA46E500C19022 /* Update Handler */ = {
			isa = PBXGroup;
			children = (
				0186CAFD1BADF87F00B22431 /* LHUpdateHandler.h */,
				012A952F1C4EEFAC000A4ECB /* LHUpdateBus.h */,
				0111CC221BAA470D00C19022 /* LHUpdateHandlerDriver.h */,
				0111CC231BAA470D00C19022 /* LHUpdateHandlerDriver.m */,
			);
			name = "Update Handler";
			sourceTree = "<group>";
		};
		0111CC281BAB025B00C19022 /* Basic */ = {
			isa = PBXGroup;
			children = (
				0111CC291BAB026B00C19022 /* LHBasicCommandRegistry.h */,
				0111CC2A1BAB026B00C19022 /* LHBasicCommandRegistry.m */,
			);
			name = Basic;
			sourceTree = "<group>";
		};
		0111CC371BAB95E500C19022 /* Misc */ = {
			isa = PBXGroup;
			children = (
				0F5FC6FA1DCCEB50009596D4 /* Debug Descrtiption */,
				01C6F8CB1BB6D61D00A13C1E /* LHTask.h */,
				01B3917C1C86FE8F00579C2B /* LHTaskBlocks.h */,
				0111CC391BAB963900C19022 /* LHTaskQueue.h */,
				0186CAF01BACC29E00B22431 /* LHDescriptionHelpers.h */,
				0186CAF11BACC29E00B22431 /* LHDescriptionHelpers.m */,
			);
			name = Misc;
			sourceTree = "<group>";
		};
		012112A41C4EC9830097B9E6 /* Router */ = {
			isa = PBXGroup;
			children = (
				014C9F121C96EF1100D35950 /* Internal */,
				01A01A651BA837B100608274 /* LHRouter.h */,
				01A01A661BA837B100608274 /* LHRouter.m */,
				01B3918C1C888FFD00579C2B /* LHRouterState.h */,
				019DE7331C971DD900656C15 /* LHRouterDelegate.h */,
				012497A01BAA1FDE007CD98B /* LHRouterObserver.h */,
				014C9F081C9620AF00D35950 /* LHRouterResumeToken.h */,
			);
			name = Router;
			sourceTree = "<group>";
		};
		012356BE1BC0052B002DB75A /* Structures */ = {
			isa = PBXGroup;
			children = (
				0F5FC6E91DCBE158009596D4 /* LHGraph.h */,
				0F5FC6EA1DCBE158009596D4 /* LHGraph.m */,
				0F5FC6EB1DCBE158009596D4 /* LHGraphEdge.h */,
				0F5FC6EC1DCBE158009596D4 /* LHGraphEdge.m */,
				0186CB051BAE038600B22431 /* LHTree.h */,
				0186CB061BAE038600B22431 /* LHTree.m */,
				0160A96E1BA7434B0035A331 /* LHNodeTree.h */,
				0160A96F1BA7434B0035A331 /* LHNodeTree.m */,
				0186CB081BAE0A1700B22431 /* LHNodeForest.h */,
				0186CB091BAE0A1700B22431 /* LHNodeForest.m */,
			);
			name = Structures;
			sourceTree = "<group>";
		};
		0124979F1BA9E825007CD98B /* Helpers */ = {
			isa = PBXGroup;
			children = (
				0124979C1BA9E7B1007CD98B /* LHViewControllerDriverHelpers.h */,
				0124979D1BA9E7B1007CD98B /* LHViewControllerDriverHelpers.m */,
				017E5B261BC1688400C6C831 /* UIViewController+LHDismissalTracking.h */,
				017E5B271BC1688400C6C831 /* UIViewController+LHDismissalTracking.m */,
				01A28DBB1C5CEFBD006F0A95 /* UIViewController+LHNavigationItemForwarding.h */,
				01A28DBC1C5CEFBD006F0A95 /* UIViewController+LHNavigationItemForwarding.m */,
				015A4F991C67A49400F950B3 /* LHModalTransitionData.h */,
				015A4F9A1C67A49400F950B3 /* LHModalTransitionData.m */,
				015A4FA41C67D77F00F950B3 /* LHContainerTransitionData.h */,
				015A4FA51C67D77F00F950B3 /* LHContainerTransitionData.m */,
			);
			name = Helpers;
			sourceTree = "<group>";
		};
		012A953B1C4EFD5E000A4ECB /* Supporting Files */ = {
			isa = PBXGroup;
			children = (
				012A953E1C4EFD5E000A4ECB /* Info.plist */,
			);
			name = "Supporting Files";
			sourceTree = "<group>";
		};
		012A95471C4EFD5E000A4ECB /* LighthouseTests */ = {
			isa = PBXGroup;
			children = (
				012A95481C4EFD5E000A4ECB /* LighthouseTests.m */,
				012A954A1C4EFD5E000A4ECB /* Info.plist */,
			);
			path = LighthouseTests;
			sourceTree = "<group>";
		};
		013F689A1BA62BE900B5797B = {
			isa = PBXGroup;
			children = (
				013F68A51BA62BE900B5797B /* Lighthouse */,
				012A95471C4EFD5E000A4ECB /* LighthouseTests */,
				013F68A41BA62BE900B5797B /* Products */,
			);
			sourceTree = "<group>";
		};
		013F68A41BA62BE900B5797B /* Products */ = {
			isa = PBXGroup;
			children = (
				012A953A1C4EFD5E000A4ECB /* Lighthouse.framework */,
				012A95431C4EFD5E000A4ECB /* LighthouseTests.xctest */,
			);
			name = Products;
			sourceTree = "<group>";
		};
		013F68A51BA62BE900B5797B /* Lighthouse */ = {
			isa = PBXGroup;
			children = (
				012112A41C4EC9830097B9E6 /* Router */,
				0160A9651BA740480035A331 /* Nodes */,
				0160A9771BA76CE70035A331 /* Drivers */,
				01A01A781BA841DB00608274 /* Driver Factory */,
				0160A9861BA821E10035A331 /* Command */,
				01A01AA51BA8927500608274 /* Command Registry */,
				0111CC371BAB95E500C19022 /* Misc */,
				01A01A7A1BA8428B00608274 /* Internals */,
				012A953B1C4EFD5E000A4ECB /* Supporting Files */,
				012A953C1C4EFD5E000A4ECB /* Lighthouse.h */,
			);
			path = Lighthouse;
			sourceTree = "<group>";
		};
		014C9F121C96EF1100D35950 /* Internal */ = {
			isa = PBXGroup;
			children = (
				01B3918E1C88900A00579C2B /* LHRouterStateImpl.h */,
				01B3918F1C88900A00579C2B /* LHRouterStateImpl.m */,
				014C9F0E1C96EF0B00D35950 /* LHRouterResumeTokenImpl.h */,
				014C9F0F1C96EF0B00D35950 /* LHRouterResumeTokenImpl.m */,
				019DE7351C971F6800656C15 /* LHRouterDelegateImpl.h */,
				019DE7361C971F6800656C15 /* LHRouterDelegateImpl.m */,
			);
			name = Internal;
			sourceTree = "<group>";
		};
		014C9F131C96F93500D35950 /* Utils */ = {
			isa = PBXGroup;
			children = (
				0F27F80E1DCE4366004F07DF /* NSMapTable+LHUtils.h */,
				0F27F80F1DCE4366004F07DF /* NSMapTable+LHUtils.m */,
				014C9F141C96F94E00D35950 /* LHMacro.h */,
			);
			name = Utils;
			sourceTree = "<group>";
		};
		015A4F791C6555FD00F950B3 /* Transition Styles */ = {
			isa = PBXGroup;
			children = (
				015A4FA81C67FF5700F950B3 /* LHTransitionContext.h */,
				015A4FA91C67FF5700F950B3 /* LHTransitionContext.m */,
				015A4F861C664BF200F950B3 /* LHModalTransitionStyle.h */,
				015A4F801C663F0500F950B3 /* LHContainerTransitionStyle.h */,
			);
			name = "Transition Styles";
			sourceTree = "<group>";
		};
		015A4F981C6701B600F950B3 /* Transition Style Registry */ = {
			isa = PBXGroup;
			children = (
				015A4F8C1C66950E00F950B3 /* LHTransitionStyleRegistry.h */,
				015A4F8D1C66950E00F950B3 /* LHTransitionStyleRegistry.m */,
				015A4F941C67018E00F950B3 /* LHModalTransitionStyleRegistry.h */,
				015A4F951C67018E00F950B3 /* LHModalTransitionStyleRegistry.m */,
				015A4F901C67014F00F950B3 /* LHContainerTransitionStyleRegistry.h */,
				015A4F911C67014F00F950B3 /* LHContainerTransitionStyleRegistry.m */,
			);
			name = "Transition Style Registry";
			sourceTree = "<group>";
		};
		0160A9651BA740480035A331 /* Nodes */ = {
			isa = PBXGroup;
			children = (
				01A01A961BA882F900608274 /* Leaf */,
				0160A9681BA7416C0035A331 /* Stack */,
				0160A96A1BA7418B0035A331 /* Tab */,
				012356BE1BC0052B002DB75A /* Structures */,
				0160A97B1BA782540035A331 /* LHNode.h */,
				0160A97D1BA782BA0035A331 /* LHNodeChildrenState.h */,
				01D57A101C502F3F008E4EB5 /* LHNodeState.h */,
				013176A11BC1F7650007668B /* LHTarget.h */,
				013176A21BC1F7650007668B /* LHTarget.m */,
				0F5FC6F51DCCB567009596D4 /* LHRouteHint.h */,
				0F5FC6F61DCCB567009596D4 /* LHRouteHint.m */,
			);
			name = Nodes;
			sourceTree = "<group>";
		};
		0160A9681BA7416C0035A331 /* Stack */ = {
			isa = PBXGroup;
			children = (
				0160A96B1BA742C90035A331 /* LHStackNode.h */,
				0160A96C1BA742C90035A331 /* LHStackNode.m */,
				0186CB0B1BAE0C3200B22431 /* LHStackNodeChildrenState.h */,
				0186CB0C1BAE0C3200B22431 /* LHStackNodeChildrenState.m */,
			);
			name = Stack;
			sourceTree = "<group>";
		};
		0160A96A1BA7418B0035A331 /* Tab */ = {
			isa = PBXGroup;
			children = (
				0160A9741BA7479C0035A331 /* LHTabNode.h */,
				0160A9751BA7479C0035A331 /* LHTabNode.m */,
				01D57AB11C547557008E4EB5 /* LHTabNodeChildrenState.h */,
				01D57AB21C547557008E4EB5 /* LHTabNodeChildrenState.m */,
			);
			name = Tab;
			sourceTree = "<group>";
		};
		0160A9771BA76CE70035A331 /* Drivers */ = {
			isa = PBXGroup;
			children = (
				0160A9821BA78DE00035A331 /* View Controllers */,
				0111CC211BAA46E500C19022 /* Update Handler */,
				0160A9781BA780AD0035A331 /* LHDriver.h */,
				0160A9811BA78CAE0035A331 /* LHDriverUpdateContext.h */,
				015A4FB41C68216900F950B3 /* LHDriverUpdateContext.m */,
				01D57A181C505DF1008E4EB5 /* LHDriverTools.h */,
				015A4FAC1C6819C700F950B3 /* LHDriverTools.m */,
				015A4FAE1C681D9900F950B3 /* LHDriverProvider.h */,
				0160A9881BA8299A0035A331 /* LHDriverChannel.h */,
			);
			name = Drivers;
			sourceTree = "<group>";
		};
		0160A9821BA78DE00035A331 /* View Controllers */ = {
			isa = PBXGroup;
			children = (
				015A4F791C6555FD00F950B3 /* Transition Styles */,
				015A4F981C6701B600F950B3 /* Transition Style Registry */,
				0124979F1BA9E825007CD98B /* Helpers */,
				01A01A621BA8373B00608274 /* LHViewControllerDriver.h */,
				01A01A631BA8373B00608274 /* LHViewControllerDriver.m */,
				0160A9831BA78EAC0035A331 /* LHNavigationControllerDriver.h */,
				0160A9841BA78EAC0035A331 /* LHNavigationControllerDriver.m */,
				012497961BA9D92E007CD98B /* LHTabBarControllerDriver.h */,
				012497971BA9D92E007CD98B /* LHTabBarControllerDriver.m */,
				01A01A9F1BA88B4000608274 /* LHWindowDriver.h */,
				01A01AA01BA88B4000608274 /* LHWindowDriver.m */,
			);
			name = "View Controllers";
			sourceTree = "<group>";
		};
		0160A9861BA821E10035A331 /* Command */ = {
			isa = PBXGroup;
			children = (
				0160A9871BA822170035A331 /* LHCommand.h */,
			);
			name = Command;
			sourceTree = "<group>";
		};
		01A01A781BA841DB00608274 /* Driver Factory */ = {
			isa = PBXGroup;
			children = (
				01A01AAD1BA97B3B00608274 /* Block */,
				01A01AAE1BA97B4500608274 /* Composite */,
				01A01A791BA8420000608274 /* LHDriverFactory.h */,
			);
			name = "Driver Factory";
			sourceTree = "<group>";
		};
		01A01A7A1BA8428B00608274 /* Internals */ = {
			isa = PBXGroup;
			children = (
				014C9F131C96F93500D35950 /* Utils */,
				01C6F8E01BB8AC1300A13C1E /* Node Management */,
				01C6F8DE1BB8ABF700A13C1E /* Tasks */,
				01C6F8DF1BB8AC0200A13C1E /* Implementations */,
			);
			name = Internals;
			sourceTree = "<group>";
		};
		01A01A961BA882F900608274 /* Leaf */ = {
			isa = PBXGroup;
			children = (
				01A01A971BA8834500608274 /* LHLeafNode.h */,
				01A01A981BA8834500608274 /* LHLeafNode.m */,
			);
			name = Leaf;
			sourceTree = "<group>";
		};
		01A01AA51BA8927500608274 /* Command Registry */ = {
			isa = PBXGroup;
			children = (
				0111CC281BAB025B00C19022 /* Basic */,
				01A01A751BA83EA500608274 /* LHCommandRegistry.h */,
			);
			name = "Command Registry";
			sourceTree = "<group>";
		};
		01A01AAD1BA97B3B00608274 /* Block */ = {
			isa = PBXGroup;
			children = (
				01A01AA21BA8901100608274 /* LHBlockDriverFactory.h */,
				01A01AA31BA8901100608274 /* LHBlockDriverFactory.m */,
			);
			name = Block;
			sourceTree = "<group>";
		};
		01A01AAE1BA97B4500608274 /* Composite */ = {
			isa = PBXGroup;
			children = (
				01A01AAF1BA97B7100608274 /* LHCompositeDriverFactory.h */,
				01A01AB01BA97B7100608274 /* LHCompositeDriverFactory.m */,
				01A01AAA1BA9743900608274 /* LHCompositeDriver.h */,
				01A01AAB1BA9743900608274 /* LHCompositeDriver.m */,
			);
			name = Composite;
			sourceTree = "<group>";
		};
		01C6F8DE1BB8ABF700A13C1E /* Tasks */ = {
			isa = PBXGroup;
			children = (
				01C6F8CE1BB6D8DD00A13C1E /* LHBlockTask.h */,
				01C6F8CF1BB6D8DD00A13C1E /* LHBlockTask.m */,
				01C6F8D11BB6DE8000A13C1E /* LHNodeUpdateTask.h */,
				01C6F8D21BB6DE8000A13C1E /* LHNodeUpdateTask.m */,
				01C6F8D51BB81FB700A13C1E /* LHCommandNodeUpdateTask.h */,
				01C6F8D61BB81FB700A13C1E /* LHCommandNodeUpdateTask.m */,
				01E8BB951BC01318000405D2 /* LHManualNodeUpdateTask.h */,
				01E8BB961BC01318000405D2 /* LHManualNodeUpdateTask.m */,
				01C6F9021BBA063800A13C1E /* LHDriverFeedbackUpdateTask.h */,
				01C6F9031BBA063800A13C1E /* LHDriverFeedbackUpdateTask.m */,
			);
			name = Tasks;
			sourceTree = "<group>";
		};
		01C6F8DF1BB8AC0200A13C1E /* Implementations */ = {
			isa = PBXGroup;
			children = (
				014C9F0A1C96E98E00D35950 /* LHTaskQueueImpl.h */,
				014C9F0B1C96E98E00D35950 /* LHTaskQueueImpl.m */,
				015A4FB01C681E7100F950B3 /* LHDriverProviderImpl.h */,
				015A4FB11C681E7100F950B3 /* LHDriverProviderImpl.m */,
				01A01AA61BA8E9FB00608274 /* LHDriverChannelImpl.h */,
				01A01AA71BA8E9FB00608274 /* LHDriverChannelImpl.m */,
				012A95321C4EF2E9000A4ECB /* LHUpdateBusImpl.h */,
				012A95331C4EF2E9000A4ECB /* LHUpdateBusImpl.m */,
			);
			name = Implementations;
			sourceTree = "<group>";
		};
		01C6F8E01BB8AC1300A13C1E /* Node Management */ = {
			isa = PBXGroup;
			children = (
				0160A97C1BA782940035A331 /* LHNodeModelState.h */,
				01B391881C88554800579C2B /* LHNodeUtils.h */,
				01B391891C88554800579C2B /* LHNodeUtils.m */,
				01A01A7E1BA84D2500608274 /* LHNodeData.h */,
				01A01A7F1BA84D2500608274 /* LHNodeData.m */,
				012A87A41BB3791200C9679D /* LHNodeDataStorage.h */,
				012A87A51BB3791200C9679D /* LHNodeDataStorage.m */,
				01C6F90C1BBB1C7E00A13C1E /* LHComponents.h */,
				01C6F90D1BBB1C7E00A13C1E /* LHComponents.m */,
			);
			name = "Node Management";
			sourceTree = "<group>";
		};
		0F5FC6FA1DCCEB50009596D4 /* Debug Descrtiption */ = {
			isa = PBXGroup;
			children = (
				0F5FC6F91DCCEAD5009596D4 /* LHDebugPrintable.h */,
				0F5FC7031DCCEB91009596D4 /* LHDebugDescription.h */,
				0F5FC7041DCCEB91009596D4 /* LHDebugDescription.m */,
			);
			name = "Debug Descrtiption";
			sourceTree = "<group>";
		};
/* End PBXGroup section */

/* Begin PBXHeadersBuildPhase section */
		012A95371C4EFD5E000A4ECB /* Headers */ = {
			isa = PBXHeadersBuildPhase;
			buildActionMask = 2147483647;
			files = (
				012A953D1C4EFD5E000A4ECB /* Lighthouse.h in Headers */,
				01DBF2CE1C4EFE700034783C /* LHRouter.h in Headers */,
				01DBF2CF1C4EFE700034783C /* LHRouterObserver.h in Headers */,
				01DBF2D01C4EFE700034783C /* LHTree.h in Headers */,
				01DBF2D11C4EFE700034783C /* LHNodeTree.h in Headers */,
				01DBF2D21C4EFE700034783C /* LHNodeForest.h in Headers */,
				01B3918A1C88554800579C2B /* LHNodeUtils.h in Headers */,
				01DBF2D31C4EFE700034783C /* LHLeafNode.h in Headers */,
				014C9F091C9620AF00D35950 /* LHRouterResumeToken.h in Headers */,
				01DBF2D41C4EFE700034783C /* LHStackNode.h in Headers */,
				01DBF2D71C4EFE700034783C /* LHTabNode.h in Headers */,
				0F5FC7051DCCEB91009596D4 /* LHDebugDescription.h in Headers */,
				01DBF2D81C4EFE700034783C /* LHNode.h in Headers */,
				0F5FC6F71DCCB567009596D4 /* LHRouteHint.h in Headers */,
				01DBF2D91C4EFE700034783C /* LHNodeModelState.h in Headers */,
				01DBF2DA1C4EFE700034783C /* LHNodeChildrenState.h in Headers */,
				01DBF2DB1C4EFE700034783C /* LHTarget.h in Headers */,
				01DBF2DE1C4EFE700034783C /* LHViewControllerDriver.h in Headers */,
				01DBF2DF1C4EFE700034783C /* LHNavigationControllerDriver.h in Headers */,
				01A28DBD1C5CEFBD006F0A95 /* UIViewController+LHNavigationItemForwarding.h in Headers */,
				01DBF2E01C4EFE700034783C /* LHTabBarControllerDriver.h in Headers */,
				0F27F8101DCE4366004F07DF /* NSMapTable+LHUtils.h in Headers */,
				01DBF2E11C4EFE700034783C /* LHWindowDriver.h in Headers */,
				014C9F0C1C96E98E00D35950 /* LHTaskQueueImpl.h in Headers */,
				015A4F921C67014F00F950B3 /* LHContainerTransitionStyleRegistry.h in Headers */,
				01DBF2E21C4EFE700034783C /* LHUpdateHandler.h in Headers */,
				015A4F961C67018E00F950B3 /* LHModalTransitionStyleRegistry.h in Headers */,
				01DBF2E31C4EFE700034783C /* LHUpdateBus.h in Headers */,
				01DBF2E41C4EFE700034783C /* LHUpdateHandlerDriver.h in Headers */,
				01DBF2E51C4EFE700034783C /* LHDriver.h in Headers */,
				01DBF2E61C4EFE700034783C /* LHDriverUpdateContext.h in Headers */,
				01D57A191C505DF1008E4EB5 /* LHDriverTools.h in Headers */,
				01DBF2E71C4EFE700034783C /* LHDriverChannel.h in Headers */,
				01DBF2E81C4EFE700034783C /* LHBlockDriverFactory.h in Headers */,
				015A4F871C664BF200F950B3 /* LHModalTransitionStyle.h in Headers */,
				015A4F8E1C66950E00F950B3 /* LHTransitionStyleRegistry.h in Headers */,
				01DBF2E91C4EFE700034783C /* LHCompositeDriverFactory.h in Headers */,
				01DBF2EB1C4EFE700034783C /* LHDriverFactory.h in Headers */,
				01DBF2EC1C4EFE700034783C /* LHCommand.h in Headers */,
				01DBF2ED1C4EFE700034783C /* LHBasicCommandRegistry.h in Headers */,
				01DBF2EE1C4EFE700034783C /* LHCommandRegistry.h in Headers */,
				01DBF2EF1C4EFE700034783C /* LHTask.h in Headers */,
				01DBF2F01C4EFE710034783C /* LHTaskQueue.h in Headers */,
				019DE7341C971DD900656C15 /* LHRouterDelegate.h in Headers */,
				01DBF2F11C4EFE710034783C /* LHDescriptionHelpers.h in Headers */,
				01DBF2F31C4EFEB00034783C /* LHNodeData.h in Headers */,
				01DBF2F41C4EFEB00034783C /* LHNodeDataStorage.h in Headers */,
				01DBF2F51C4EFEB00034783C /* LHComponents.h in Headers */,
				015A4FAA1C67FF5700F950B3 /* LHTransitionContext.h in Headers */,
				015A4FB21C681E7100F950B3 /* LHDriverProviderImpl.h in Headers */,
				019DE7371C971F6800656C15 /* LHRouterDelegateImpl.h in Headers */,
				01DBF2F61C4EFEB00034783C /* LHBlockTask.h in Headers */,
				014C9F101C96EF0B00D35950 /* LHRouterResumeTokenImpl.h in Headers */,
				015A4FAF1C681D9900F950B3 /* LHDriverProvider.h in Headers */,
				015A4F811C663F0500F950B3 /* LHContainerTransitionStyle.h in Headers */,
				01DBF2F71C4EFEB00034783C /* LHNodeUpdateTask.h in Headers */,
				01DBF2F81C4EFEB00034783C /* LHCommandNodeUpdateTask.h in Headers */,
				01D57AB31C547557008E4EB5 /* LHTabNodeChildrenState.h in Headers */,
				015A4F9B1C67A49400F950B3 /* LHModalTransitionData.h in Headers */,
				01DBF2F91C4EFEB00034783C /* LHManualNodeUpdateTask.h in Headers */,
				01DBF2FA1C4EFEB00034783C /* LHDriverFeedbackUpdateTask.h in Headers */,
				01D57A111C50467F008E4EB5 /* LHNodeState.h in Headers */,
				014C9F151C96F94E00D35950 /* LHMacro.h in Headers */,
				0F5FC7081DCCECBB009596D4 /* LHDebugPrintable.h in Headers */,
				0F5FC6EF1DCBE158009596D4 /* LHGraphEdge.h in Headers */,
				0F5FC6ED1DCBE158009596D4 /* LHGraph.h in Headers */,
				01DBF2FC1C4EFEB00034783C /* LHDriverChannelImpl.h in Headers */,
				01DBF2FD1C4EFEB00034783C /* LHUpdateBusImpl.h in Headers */,
				01DBF2EA1C4EFE700034783C /* LHCompositeDriver.h in Headers */,
				01DBF2D51C4EFE700034783C /* LHStackNodeChildrenState.h in Headers */,
				01B3918D1C888FFD00579C2B /* LHRouterState.h in Headers */,
				01DBF2DC1C4EFE700034783C /* LHViewControllerDriverHelpers.h in Headers */,
				01B391901C88900B00579C2B /* LHRouterStateImpl.h in Headers */,
				015A4FA61C67D77F00F950B3 /* LHContainerTransitionData.h in Headers */,
				01DBF2DD1C4EFE700034783C /* UIViewController+LHDismissalTracking.h in Headers */,
				01B3917D1C86FE8F00579C2B /* LHTaskBlocks.h in Headers */,
			);
			runOnlyForDeploymentPostprocessing = 0;
		};
/* End PBXHeadersBuildPhase section */

/* Begin PBXNativeTarget section */
		012A95391C4EFD5E000A4ECB /* Lighthouse */ = {
			isa = PBXNativeTarget;
			buildConfigurationList = 012A954B1C4EFD5E000A4ECB /* Build configuration list for PBXNativeTarget "Lighthouse" */;
			buildPhases = (
				012A95351C4EFD5E000A4ECB /* Sources */,
				012A95361C4EFD5E000A4ECB /* Frameworks */,
				012A95371C4EFD5E000A4ECB /* Headers */,
				012A95381C4EFD5E000A4ECB /* Resources */,
			);
			buildRules = (
			);
			dependencies = (
			);
			name = Lighthouse;
			productName = Lighthouse;
			productReference = 012A953A1C4EFD5E000A4ECB /* Lighthouse.framework */;
			productType = "com.apple.product-type.framework";
		};
		012A95421C4EFD5E000A4ECB /* LighthouseTests */ = {
			isa = PBXNativeTarget;
			buildConfigurationList = 012A954E1C4EFD5E000A4ECB /* Build configuration list for PBXNativeTarget "LighthouseTests" */;
			buildPhases = (
				012A953F1C4EFD5E000A4ECB /* Sources */,
				012A95401C4EFD5E000A4ECB /* Frameworks */,
				012A95411C4EFD5E000A4ECB /* Resources */,
			);
			buildRules = (
			);
			dependencies = (
				012A95461C4EFD5E000A4ECB /* PBXTargetDependency */,
			);
			name = LighthouseTests;
			productName = LighthouseTests;
			productReference = 012A95431C4EFD5E000A4ECB /* LighthouseTests.xctest */;
			productType = "com.apple.product-type.bundle.unit-test";
		};
/* End PBXNativeTarget section */

/* Begin PBXProject section */
		013F689B1BA62BE900B5797B /* Project object */ = {
			isa = PBXProject;
			attributes = {
				CLASSPREFIX = LH;
				LastUpgradeCheck = 0800;
				ORGANIZATIONNAME = Pixty;
				TargetAttributes = {
					012A95391C4EFD5E000A4ECB = {
						CreatedOnToolsVersion = 7.2;
					};
					012A95421C4EFD5E000A4ECB = {
						CreatedOnToolsVersion = 7.2;
					};
				};
			};
			buildConfigurationList = 013F689E1BA62BE900B5797B /* Build configuration list for PBXProject "Lighthouse" */;
			compatibilityVersion = "Xcode 3.2";
			developmentRegion = English;
			hasScannedForEncodings = 0;
			knownRegions = (
				en,
			);
			mainGroup = 013F689A1BA62BE900B5797B;
			productRefGroup = 013F68A41BA62BE900B5797B /* Products */;
			projectDirPath = "";
			projectRoot = "";
			targets = (
				012A95391C4EFD5E000A4ECB /* Lighthouse */,
				012A95421C4EFD5E000A4ECB /* LighthouseTests */,
			);
		};
/* End PBXProject section */

/* Begin PBXResourcesBuildPhase section */
		012A95381C4EFD5E000A4ECB /* Resources */ = {
			isa = PBXResourcesBuildPhase;
			buildActionMask = 2147483647;
			files = (
			);
			runOnlyForDeploymentPostprocessing = 0;
		};
		012A95411C4EFD5E000A4ECB /* Resources */ = {
			isa = PBXResourcesBuildPhase;
			buildActionMask = 2147483647;
			files = (
			);
			runOnlyForDeploymentPostprocessing = 0;
		};
/* End PBXResourcesBuildPhase section */

/* Begin PBXSourcesBuildPhase section */
		012A95351C4EFD5E000A4ECB /* Sources */ = {
			isa = PBXSourcesBuildPhase;
			buildActionMask = 2147483647;
			files = (
				012A95511C4EFD9A000A4ECB /* LHRouter.m in Sources */,
				0F5FC6F81DCCB567009596D4 /* LHRouteHint.m in Sources */,
				0F27F8111DCE4366004F07DF /* NSMapTable+LHUtils.m in Sources */,
				012A95521C4EFD9A000A4ECB /* LHTree.m in Sources */,
				012A95531C4EFD9A000A4ECB /* LHNodeTree.m in Sources */,
				012A95541C4EFD9A000A4ECB /* LHNodeForest.m in Sources */,
				012A95551C4EFD9A000A4ECB /* LHLeafNode.m in Sources */,
				012A95561C4EFD9A000A4ECB /* LHStackNode.m in Sources */,
				01B391911C88900B00579C2B /* LHRouterStateImpl.m in Sources */,
				012A95571C4EFD9A000A4ECB /* LHStackNodeChildrenState.m in Sources */,
				014C9F0D1C96E98E00D35950 /* LHTaskQueueImpl.m in Sources */,
				012A95591C4EFD9A000A4ECB /* LHTabNode.m in Sources */,
				012A955B1C4EFD9A000A4ECB /* LHTarget.m in Sources */,
				015A4F971C67018E00F950B3 /* LHModalTransitionStyleRegistry.m in Sources */,
				012A955C1C4EFD9A000A4ECB /* LHViewControllerDriverHelpers.m in Sources */,
				012A955D1C4EFD9A000A4ECB /* UIViewController+LHDismissalTracking.m in Sources */,
				012A955E1C4EFD9A000A4ECB /* LHViewControllerDriver.m in Sources */,
				015A4FB31C681E7100F950B3 /* LHDriverProviderImpl.m in Sources */,
				012A955F1C4EFD9A000A4ECB /* LHNavigationControllerDriver.m in Sources */,
				015A4FB51C68216900F950B3 /* LHDriverUpdateContext.m in Sources */,
				015A4FAD1C6819C700F950B3 /* LHDriverTools.m in Sources */,
				019DE7381C971F6800656C15 /* LHRouterDelegateImpl.m in Sources */,
				01A28DBE1C5CEFBD006F0A95 /* UIViewController+LHNavigationItemForwarding.m in Sources */,
				012A95601C4EFD9A000A4ECB /* LHTabBarControllerDriver.m in Sources */,
				012A95611C4EFD9A000A4ECB /* LHWindowDriver.m in Sources */,
				014C9F111C96EF0B00D35950 /* LHRouterResumeTokenImpl.m in Sources */,
				012A95621C4EFD9A000A4ECB /* LHUpdateHandlerDriver.m in Sources */,
				01B3918B1C88554800579C2B /* LHNodeUtils.m in Sources */,
				012A95631C4EFD9A000A4ECB /* LHBlockDriverFactory.m in Sources */,
				0F5FC6EE1DCBE158009596D4 /* LHGraph.m in Sources */,
				012A95641C4EFD9A000A4ECB /* LHCompositeDriverFactory.m in Sources */,
				012A95651C4EFD9A000A4ECB /* LHCompositeDriver.m in Sources */,
				0F5FC7061DCCEB91009596D4 /* LHDebugDescription.m in Sources */,
				012A95661C4EFD9A000A4ECB /* LHBasicCommandRegistry.m in Sources */,
				0F5FC6F01DCBE158009596D4 /* LHGraphEdge.m in Sources */,
				015A4F931C67014F00F950B3 /* LHContainerTransitionStyleRegistry.m in Sources */,
				015A4FAB1C67FF5700F950B3 /* LHTransitionContext.m in Sources */,
				012A95681C4EFD9A000A4ECB /* LHDescriptionHelpers.m in Sources */,
				015A4FA71C67D77F00F950B3 /* LHContainerTransitionData.m in Sources */,
				012A956A1C4EFD9A000A4ECB /* LHNodeData.m in Sources */,
				012A956B1C4EFD9A000A4ECB /* LHNodeDataStorage.m in Sources */,
				012A956C1C4EFD9A000A4ECB /* LHComponents.m in Sources */,
				01D57AB41C547557008E4EB5 /* LHTabNodeChildrenState.m in Sources */,
				012A956D1C4EFD9A000A4ECB /* LHBlockTask.m in Sources */,
				012A956E1C4EFD9A000A4ECB /* LHNodeUpdateTask.m in Sources */,
				015A4F9C1C67A49400F950B3 /* LHModalTransitionData.m in Sources */,
				012A956F1C4EFD9A000A4ECB /* LHCommandNodeUpdateTask.m in Sources */,
				012A95701C4EFD9A000A4ECB /* LHManualNodeUpdateTask.m in Sources */,
				012A95711C4EFD9A000A4ECB /* LHDriverFeedbackUpdateTask.m in Sources */,
				015A4F8F1C66950E00F950B3 /* LHTransitionStyleRegistry.m in Sources */,
				012A95731C4EFD9A000A4ECB /* LHDriverChannelImpl.m in Sources */,
				012A95741C4EFD9A000A4ECB /* LHUpdateBusImpl.m in Sources */,
			);
			runOnlyForDeploymentPostprocessing = 0;
		};
		012A953F1C4EFD5E000A4ECB /* Sources */ = {
			isa = PBXSourcesBuildPhase;
			buildActionMask = 2147483647;
			files = (
				0F27F8121DCE4B98004F07DF /* LHGraph.m in Sources */,
				012A95491C4EFD5E000A4ECB /* LighthouseTests.m in Sources */,
				0F27F8131DCE4B9B004F07DF /* LHGraphEdge.m in Sources */,
			);
			runOnlyForDeploymentPostprocessing = 0;
		};
/* End PBXSourcesBuildPhase section */

/* Begin PBXTargetDependency section */
		012A95461C4EFD5E000A4ECB /* PBXTargetDependency */ = {
			isa = PBXTargetDependency;
			target = 012A95391C4EFD5E000A4ECB /* Lighthouse */;
			targetProxy = 012A95451C4EFD5E000A4ECB /* PBXContainerItemProxy */;
		};
/* End PBXTargetDependency section */

/* Begin XCBuildConfiguration section */
		012A954C1C4EFD5E000A4ECB /* Debug */ = {
			isa = XCBuildConfiguration;
			buildSettings = {
				"CODE_SIGN_IDENTITY[sdk=iphoneos*]" = "";
				CURRENT_PROJECT_VERSION = 1;
				DEFINES_MODULE = YES;
				DYLIB_COMPATIBILITY_VERSION = 1;
				DYLIB_CURRENT_VERSION = 1;
				DYLIB_INSTALL_NAME_BASE = "@rpath";
				INFOPLIST_FILE = Lighthouse/Info.plist;
				INSTALL_PATH = "$(LOCAL_LIBRARY_DIR)/Frameworks";
				LD_RUNPATH_SEARCH_PATHS = "$(inherited) @executable_path/Frameworks @loader_path/Frameworks";
				PRODUCT_BUNDLE_IDENTIFIER = com.pixty.Lighthouse;
				PRODUCT_NAME = "$(TARGET_NAME)";
				SKIP_INSTALL = YES;
				TARGETED_DEVICE_FAMILY = "1,2";
				VERSIONING_SYSTEM = "apple-generic";
				VERSION_INFO_PREFIX = "";
			};
			name = Debug;
		};
		012A954D1C4EFD5E000A4ECB /* Release */ = {
			isa = XCBuildConfiguration;
			buildSettings = {
				"CODE_SIGN_IDENTITY[sdk=iphoneos*]" = "";
				CURRENT_PROJECT_VERSION = 1;
				DEFINES_MODULE = YES;
				DYLIB_COMPATIBILITY_VERSION = 1;
				DYLIB_CURRENT_VERSION = 1;
				DYLIB_INSTALL_NAME_BASE = "@rpath";
				INFOPLIST_FILE = Lighthouse/Info.plist;
				INSTALL_PATH = "$(LOCAL_LIBRARY_DIR)/Frameworks";
				LD_RUNPATH_SEARCH_PATHS = "$(inherited) @executable_path/Frameworks @loader_path/Frameworks";
				PRODUCT_BUNDLE_IDENTIFIER = com.pixty.Lighthouse;
				PRODUCT_NAME = "$(TARGET_NAME)";
				SKIP_INSTALL = YES;
				TARGETED_DEVICE_FAMILY = "1,2";
				VERSIONING_SYSTEM = "apple-generic";
				VERSION_INFO_PREFIX = "";
			};
			name = Release;
		};
		012A954F1C4EFD5E000A4ECB /* Debug */ = {
			isa = XCBuildConfiguration;
			buildSettings = {
				INFOPLIST_FILE = LighthouseTests/Info.plist;
				IPHONEOS_DEPLOYMENT_TARGET = 9.2;
				LD_RUNPATH_SEARCH_PATHS = "$(inherited) @executable_path/Frameworks @loader_path/Frameworks";
				PRODUCT_BUNDLE_IDENTIFIER = com.pixty.LighthouseTests;
				PRODUCT_NAME = "$(TARGET_NAME)";
			};
			name = Debug;
		};
		012A95501C4EFD5E000A4ECB /* Release */ = {
			isa = XCBuildConfiguration;
			buildSettings = {
				INFOPLIST_FILE = LighthouseTests/Info.plist;
				IPHONEOS_DEPLOYMENT_TARGET = 9.2;
				LD_RUNPATH_SEARCH_PATHS = "$(inherited) @executable_path/Frameworks @loader_path/Frameworks";
				PRODUCT_BUNDLE_IDENTIFIER = com.pixty.LighthouseTests;
				PRODUCT_NAME = "$(TARGET_NAME)";
			};
			name = Release;
		};
		013F68AA1BA62BE900B5797B /* Debug */ = {
			isa = XCBuildConfiguration;
			buildSettings = {
				ALWAYS_SEARCH_USER_PATHS = NO;
				CLANG_CXX_LANGUAGE_STANDARD = "gnu++0x";
				CLANG_CXX_LIBRARY = "libc++";
				CLANG_ENABLE_MODULES = YES;
				CLANG_ENABLE_OBJC_ARC = YES;
				CLANG_WARN_BOOL_CONVERSION = YES;
				CLANG_WARN_CONSTANT_CONVERSION = YES;
				CLANG_WARN_DIRECT_OBJC_ISA_USAGE = YES_ERROR;
				CLANG_WARN_EMPTY_BODY = YES;
				CLANG_WARN_ENUM_CONVERSION = YES;
				CLANG_WARN_INFINITE_RECURSION = YES;
				CLANG_WARN_INT_CONVERSION = YES;
				CLANG_WARN_OBJC_ROOT_CLASS = YES_ERROR;
				CLANG_WARN_SUSPICIOUS_MOVE = YES;
				CLANG_WARN_UNREACHABLE_CODE = YES;
				CLANG_WARN__DUPLICATE_METHOD_MATCH = YES;
				"CODE_SIGN_IDENTITY[sdk=iphoneos*]" = "iPhone Developer";
				COPY_PHASE_STRIP = NO;
				DEBUG_INFORMATION_FORMAT = dwarf;
				ENABLE_STRICT_OBJC_MSGSEND = YES;
				ENABLE_TESTABILITY = YES;
				GCC_C_LANGUAGE_STANDARD = gnu99;
				GCC_DYNAMIC_NO_PIC = NO;
				GCC_NO_COMMON_BLOCKS = YES;
				GCC_OPTIMIZATION_LEVEL = 0;
				GCC_PREPROCESSOR_DEFINITIONS = (
					"DEBUG=1",
					"$(inherited)",
				);
				GCC_WARN_64_TO_32_BIT_CONVERSION = YES;
				GCC_WARN_ABOUT_RETURN_TYPE = YES_ERROR;
				GCC_WARN_UNDECLARED_SELECTOR = YES;
				GCC_WARN_UNINITIALIZED_AUTOS = YES_AGGRESSIVE;
				GCC_WARN_UNUSED_FUNCTION = YES;
				GCC_WARN_UNUSED_VARIABLE = YES;
				IPHONEOS_DEPLOYMENT_TARGET = 8.0;
				MTL_ENABLE_DEBUG_INFO = YES;
				ONLY_ACTIVE_ARCH = YES;
				SDKROOT = iphoneos;
			};
			name = Debug;
		};
		013F68AB1BA62BE900B5797B /* Release */ = {
			isa = XCBuildConfiguration;
			buildSettings = {
				ALWAYS_SEARCH_USER_PATHS = NO;
				CLANG_CXX_LANGUAGE_STANDARD = "gnu++0x";
				CLANG_CXX_LIBRARY = "libc++";
				CLANG_ENABLE_MODULES = YES;
				CLANG_ENABLE_OBJC_ARC = YES;
				CLANG_WARN_BOOL_CONVERSION = YES;
				CLANG_WARN_CONSTANT_CONVERSION = YES;
				CLANG_WARN_DIRECT_OBJC_ISA_USAGE = YES_ERROR;
				CLANG_WARN_EMPTY_BODY = YES;
				CLANG_WARN_ENUM_CONVERSION = YES;
				CLANG_WARN_INFINITE_RECURSION = YES;
				CLANG_WARN_INT_CONVERSION = YES;
				CLANG_WARN_OBJC_ROOT_CLASS = YES_ERROR;
				CLANG_WARN_SUSPICIOUS_MOVE = YES;
				CLANG_WARN_UNREACHABLE_CODE = YES;
				CLANG_WARN__DUPLICATE_METHOD_MATCH = YES;
				"CODE_SIGN_IDENTITY[sdk=iphoneos*]" = "iPhone Developer";
				COPY_PHASE_STRIP = NO;
				DEBUG_INFORMATION_FORMAT = "dwarf-with-dsym";
				ENABLE_NS_ASSERTIONS = NO;
				ENABLE_STRICT_OBJC_MSGSEND = YES;
				GCC_C_LANGUAGE_STANDARD = gnu99;
				GCC_NO_COMMON_BLOCKS = YES;
				GCC_WARN_64_TO_32_BIT_CONVERSION = YES;
				GCC_WARN_ABOUT_RETURN_TYPE = YES_ERROR;
				GCC_WARN_UNDECLARED_SELECTOR = YES;
				GCC_WARN_UNINITIALIZED_AUTOS = YES_AGGRESSIVE;
				GCC_WARN_UNUSED_FUNCTION = YES;
				GCC_WARN_UNUSED_VARIABLE = YES;
				IPHONEOS_DEPLOYMENT_TARGET = 8.0;
				MTL_ENABLE_DEBUG_INFO = NO;
				SDKROOT = iphoneos;
				VALIDATE_PRODUCT = YES;
			};
			name = Release;
		};
/* End XCBuildConfiguration section */

/* Begin XCConfigurationList section */
		012A954B1C4EFD5E000A4ECB /* Build configuration list for PBXNativeTarget "Lighthouse" */ = {
			isa = XCConfigurationList;
			buildConfigurations = (
				012A954C1C4EFD5E000A4ECB /* Debug */,
				012A954D1C4EFD5E000A4ECB /* Release */,
			);
			defaultConfigurationIsVisible = 0;
			defaultConfigurationName = Release;
		};
		012A954E1C4EFD5E000A4ECB /* Build configuration list for PBXNativeTarget "LighthouseTests" */ = {
			isa = XCConfigurationList;
			buildConfigurations = (
				012A954F1C4EFD5E000A4ECB /* Debug */,
				012A95501C4EFD5E000A4ECB /* Release */,
			);
			defaultConfigurationIsVisible = 0;
			defaultConfigurationName = Release;
		};
		013F689E1BA62BE900B5797B /* Build configuration list for PBXProject "Lighthouse" */ = {
			isa = XCConfigurationList;
			buildConfigurations = (
				013F68AA1BA62BE900B5797B /* Debug */,
				013F68AB1BA62BE900B5797B /* Release */,
			);
			defaultConfigurationIsVisible = 0;
			defaultConfigurationName = Release;
		};
/* End XCConfigurationList section */
	};
	rootObject = 013F689B1BA62BE900B5797B /* Project object */;
}
